[[package]]
name = "docutils"
version = "0.18.1"
description = "Docutils -- Python Documentation Utilities"
category = "main"
optional = false
python-versions = ">=2.7, !=3.0.*, !=3.1.*, !=3.2.*, !=3.3.*, !=3.4.*"

[[package]]
name = "enum34"
version = "1.1.10"
description = "Python 3.4 Enum backported to 3.3, 3.2, 3.1, 2.7, 2.6, 2.5, and 2.4"
category = "main"
optional = false
python-versions = "*"

[[package]]
name = "lockfile"
version = "0.12.2"
description = "Platform-independent file locking module"
category = "main"
optional = false
python-versions = "*"

[[package]]
name = "luigi"
version = "2.8.8"
description = "Workflow mgmgt + task scheduling + dependency resolution"
category = "main"
optional = false
python-versions = "*"

[package.dependencies]
enum34 = ">1.1.0"
python-daemon = "<2.2.0"
python-dateutil = ">=2.7.5,<3"
tornado = ">=4.0,<5"

[package.extras]
prometheus = ["prometheus-client (==0.5.0)"]
toml = ["toml (<2.0.0)"]

[package.source]
type = "legacy"
url = "http://localhost:8080/simple"
reference = "custom"

[[package]]
name = "python-daemon"
version = "2.1.2"
description = "Library to implement a well-behaved Unix daemon process."
category = "main"
optional = false
python-versions = "*"

[package.dependencies]
docutils = "*"
lockfile = ">=0.10"

[[package]]
name = "python-dateutil"
version = "2.8.2"
description = "Extensions to the standard Python datetime module"
category = "main"
optional = false
python-versions = "!=3.0.*,!=3.1.*,!=3.2.*,>=2.7"

[package.dependencies]
six = ">=1.5"

[[package]]
name = "six"
version = "1.16.0"
description = "Python 2 and 3 compatibility utilities"
category = "main"
optional = false
python-versions = ">=2.7, !=3.0.*, !=3.1.*, !=3.2.*"

[[package]]
name = "tornado"
version = "4.5.3"
description = "Tornado is a Python web framework and asynchronous networking library, originally developed at FriendFeed."
category = "main"
optional = false
python-versions = "*"

[metadata]
lock-version = "1.1"
python-versions = "^3.7"
content-hash = "6217e8de9f5f3e12db2d2155d2e878cecb9a590ac6d1b19c85df9f64d3d57853"
