{
  "name": "original",
  "version": "1.0.0",
  "lockfileVersion": 3,
  "requires": true,
  "packages": {
    "": {
      "name": "original",
      "version": "1.0.0",
      "license": "ISC",
      "dependencies": {
        "is-positive": "3.1.0",
        "left-pad": "^1.0.1"
      }
    },
    "node_modules/is-positive": {
      "version": "3.1.0",
      "resolved": "https://registry.npmjs.org/is-positive/-/is-positive-3.1.0.tgz",
      "integrity": "sha1-hX21hKG6XRyymAUn/DtsQ103sP0=",
      "engines": {
        "node": ">=0.10.0"
      }
    },
    "node_modules/left-pad": {
      "version": "1.0.1",
      "resolved": "https://registry.npmjs.org/left-pad/-/left-pad-1.0.1.tgz",
      "integrity": "sha1-0RuOF+cObss7a/KFj6mcQPgZ0To=",
      "deprecated": "use String.prototype.padStart()"
    }
  }
}
