[[package]]
category = "main"
description = "Bash tab completion for argparse"
name = "argcomplete"
optional = false
platform = "MacOS X"
python-versions = "*"
version = "1.8.2"

[[package]]
category = "main"
description = "Screen-scraping library"
name = "beautifulsoup4"
optional = false
platform = "UNKNOWN"
python-versions = "*"
version = "4.6.0"

[[package]]
category = "main"
description = "Python package for providing Mozilla's CA Bundle."
name = "certifi"
optional = false
platform = "*"
python-versions = "*"
version = "2018.8.24"

[[package]]
category = "main"
description = "Universal encoding detector for Python 2 and 3"
name = "chardet"
optional = false
platform = "*"
python-versions = "*"
version = "3.0.4"

[[package]]
category = "main"
description = "A simple wrapper around optparse for powerful command line utilities."
name = "click"
optional = false
platform = "*"
python-versions = "*"
version = "6.7"

[[package]]
category = "main"
description = "A high-level Python Web framework that encourages rapid development and clean, pragmatic design."
name = "django"
optional = false
platform = "*"
python-versions = "*"
version = "1.11.15"

[package.dependencies]
pytz = "*"

[[package]]
category = "main"
description = "Integrated set of Django applications addressing authentication, registration, account management as well as 3rd party (social) account authentication."
name = "django-allauth"
optional = false
platform = "*"
python-versions = "*"
version = "0.37.1"

[package.dependencies]
Django = ">=1.11"
python-openid = ">=2.2.5"
requests = "*"
requests-oauthlib = ">=0.3.0"

[[package]]
category = "main"
description = "Django email integration for Amazon SES, Mailgun, Mailjet, Postmark, SendGrid, SendinBlue, SparkPost and other transactional ESPs"
name = "django-anymail"
optional = false
platform = "*"
python-versions = "*"
version = "4.1"

[package.dependencies]
django = ">=1.11"
requests = ">=2.4.3"
six = "*"

[[package]]
category = "main"
description = "Reusable, generic mixins for Django"
name = "django-braces"
optional = false
platform = "*"
python-versions = "*"
version = "1.13.0"

[[package]]
category = "main"
description = "Django Content Security Policy support."
name = "django-csp"
optional = false
platform = "*"
python-versions = "*"
version = "3.4"

[package.dependencies]
Django = ">=1.8"

[[package]]
category = "main"
description = "A configurable set of panels that display various debug information about the current request/response."
name = "django-debug-toolbar"
optional = false
platform = "*"
python-versions = "*"
version = "1.9.1"

[package.dependencies]
Django = ">=1.8"
sqlparse = ">=0.2.0"

[[package]]
category = "main"
description = "Wrapper around elasticsearch-dsl-py for django models"
name = "django-elasticsearch-dsl"
optional = false
platform = "*"
python-versions = "*"
version = "0.4.5"

[package.dependencies]
elasticsearch-dsl = ">=2.1.0,<6.0.0"

[[package]]
category = "main"
description = "Django-environ allows you to utilize 12factor inspired environment variables to configure your Django application."
name = "django-environ"
optional = false
platform = "any"
python-versions = "*"
version = "0.4.5"

[[package]]
category = "main"
description = "Serve vectorial map layers with Django"
name = "django-geojson"
optional = false
platform = "*"
python-versions = "*"
version = "2.11.0"

[package.dependencies]
Django = "*"
six = "*"

[[package]]
category = "main"
description = "This Django app allows you to export certain settings to your templates."
name = "django-settings-export"
optional = false
platform = "*"
python-versions = "*"
version = "1.2.1"

[package.dependencies]
django = "*"

[[package]]
category = "main"
description = "Store model history and view/revert changes from admin site."
name = "django-simple-history"
optional = false
platform = "*"
python-versions = ">=2.7, !=3.0.*, !=3.1.*, !=3.2.*, !=3.3.*"
version = "2.3.0"

[[package]]
category = "main"
description = "Transparently use webpack with django"
name = "django-webpack-loader"
optional = false
platform = "*"
python-versions = "*"
version = "0.6.0"

[[package]]
category = "main"
description = "Tweak the form field rendering in templates, not in python-level form definitions."
name = "django-widget-tweaks"
optional = false
platform = "*"
python-versions = "*"
version = "1.4.2"

[[package]]
category = "main"
description = "A pure python-based utility to extract text and images from docx files."
name = "docx2txt"
optional = false
platform = "UNKNOWN"
python-versions = "*"
version = "0.6"

[[package]]
category = "main"
description = "Python client for Elasticsearch"
name = "elasticsearch"
optional = false
platform = "*"
python-versions = "*"
version = "5.5.3"

[package.dependencies]
urllib3 = ">=1.21.1"

[[package]]
category = "main"
description = "Python client for Elasticsearch"
name = "elasticsearch-dsl"
optional = false
platform = "*"
python-versions = "*"
version = "5.4.0"

[package.dependencies]
elasticsearch = ">=5.0.0,<6.0.0"
python-dateutil = "*"
six = "*"

[[package]]
category = "main"
description = "A simple framework for building complex web applications."
name = "flask"
optional = false
platform = "any"
python-versions = "*"
version = "1.0.2"

[package.dependencies]
Jinja2 = ">=2.10"
Werkzeug = ">=0.14"
click = ">=5.1"
itsdangerous = ">=0.24"

[[package]]
category = "main"
description = ""
name = "geoextract"
optional = false
platform = "*"
python-versions = "*"
version = "0.3.0"

[package.dependencies]
Flask = ">=0.12.1"
nltk = ">=3.2.2"
numpy = ">=1.11.0"
pyahocorasick = ">=1.1.4"
scipy = ">=0.17.0"
six = ">=1.10.0"
unidecode = ">=0.4.21"

[package.source]
reference = "0d184e264c8356d22580076d35f16866c8ce6ecc"
type = "git"
url = "https://github.com/meine-stadt-transparent/geoextract"
[[package]]
category = "main"
description = "The geodesic routines from GeographicLib"
name = "geographiclib"
optional = false
platform = "*"
python-versions = "*"
version = "1.49"

[[package]]
category = "main"
description = "Python Geocoding Toolbox"
name = "geopy"
optional = false
platform = "*"
python-versions = "*"
version = "1.16.0"

[package.dependencies]
geographiclib = ">=1.49,<2"

[[package]]
category = "main"
description = "WSGI HTTP Server for UNIX"
name = "gunicorn"
optional = false
platform = "*"
python-versions = ">=2.6, !=3.0.*, !=3.1.*"
version = "19.9.0"

[[package]]
category = "main"
description = "Turn HTML into equivalent Markdown-structured text."
name = "html2text"
optional = false
platform = "OS Independent"
python-versions = "*"
version = "2018.1.9"

[[package]]
category = "main"
description = "iCalendar parser/generator"
name = "icalendar"
optional = false
platform = "*"
python-versions = ">=2.7, !=3.0.*, !=3.1.*, !=3.2.*, !=3.3.*"
version = "4.0.2"

[package.dependencies]
python-dateutil = "*"
pytz = "*"

[[package]]
category = "main"
description = "Internationalized Domain Names in Applications (IDNA)"
name = "idna"
optional = false
platform = "*"
python-versions = "*"
version = "2.7"

[[package]]
category = "main"
description = "Various helpers to pass trusted data to untrusted environments and back."
name = "itsdangerous"
optional = false
platform = "UNKNOWN"
python-versions = "*"
version = "0.24"

[[package]]
category = "main"
description = "A small but fast and easy to use stand-alone template engine written in pure python."
name = "jinja2"
optional = false
platform = "*"
python-versions = "*"
version = "2.10"

[package.dependencies]
MarkupSafe = ">=0.23"

[[package]]
category = "main"
description = "A reusable Django field that allows you to store validated JSON in your model."
name = "jsonfield"
optional = false
platform = "*"
python-versions = "*"
version = "2.0.2"

[package.dependencies]
Django = ">=1.8.0"

[[package]]
category = "main"
description = "Powerful and Pythonic XML processing library combining libxml2/libxslt with the ElementTree API."
name = "lxml"
optional = false
platform = "*"
python-versions = "*"
version = "4.2.4"

[[package]]
category = "main"
description = "Implements a XML/HTML/XHTML Markup safe string for Python"
name = "markupsafe"
optional = false
platform = "UNKNOWN"
python-versions = "*"
version = "1.0"

[[package]]
category = "main"
description = "Python interface to MySQL"
name = "mysqlclient"
optional = false
platform = "ALL"
python-versions = "*"
version = "1.3.13"

[[package]]
category = "main"
description = "Natural Language Toolkit"
name = "nltk"
optional = false
platform = "*"
python-versions = "*"
version = "3.3"

[[package]]
category = "main"
description = "NumPy: array processing for numbers, strings, records, and objects."
name = "numpy"
optional = false
platform = "Windows"
python-versions = ">=2.7,!=3.0.*,!=3.1.*,!=3.2.*,!=3.3.*"
version = "1.15.1"

[[package]]
category = "main"
description = "A generic, spec-compliant, thorough implementation of the OAuth request-signing logic"
name = "oauthlib"
optional = false
platform = "any"
python-versions = "*"
version = "2.1.0"

[[package]]
category = "main"
description = "Python Imaging Library (Fork)"
name = "pillow"
optional = false
platform = "*"
python-versions = ">=2.7, !=3.0.*, !=3.1.*, !=3.2.*, !=3.3.*"
version = "5.2.0"

[[package]]
category = "main"
description = "Python interface to CMU Sphinxbase and Pocketsphinx libraries"
name = "pocketsphinx"
optional = false
platform = "*"
python-versions = "*"
version = "0.1.3"

[[package]]
category = "main"
description = "pyahocorasick is a fast and memory efficient library for exact or approximate multi-pattern string search.  With the ahocorasick.Automaton class, you can find multiple key strings occurrences at once in some input text.  You can use it as a plain dict-like Trie or convert a Trie to an automaton for efficient Aho-Corasick search.  Implemented in C and tested on Python 2.7 and 3.4+.  Works on Linux, Mac and Windows. BSD-3-clause license."
name = "pyahocorasick"
optional = false
platform = "Linux"
python-versions = "*"
version = "1.1.8"

[[package]]
category = "main"
description = "PDF toolkit"
name = "pypdf2"
optional = false
platform = "UNKNOWN"
python-versions = "*"
version = "1.26.0"

[[package]]
category = "main"
description = "Extensions to the standard Python datetime module"
name = "python-dateutil"
optional = false
platform = "*"
python-versions = ">=2.7, !=3.0.*, !=3.1.*, !=3.2.*"
version = "2.7.3"

[package.dependencies]
six = ">=1.5"

[[package]]
category = "main"
description = "OpenID support for servers and consumers."
name = "python-openid"
optional = false
platform = "UNKNOWN"
python-versions = "*"
version = "2.2.5"

[[package]]
category = "main"
description = "Generate and manipulate Open XML PowerPoint (.pptx) files"
name = "python-pptx"
optional = false
platform = "*"
python-versions = "*"
version = "0.6.6"

[package.dependencies]
Pillow = ">=2.6.1"
XlsxWriter = ">=0.5.7"
lxml = ">=3.1.0"

[[package]]
category = "main"
description = "A Python Slugify application that handles Unicode"
name = "python-slugify"
optional = false
platform = "*"
python-versions = "*"
version = "1.2.6"

[package.dependencies]
Unidecode = ">=0.04.16"

[[package]]
category = "main"
description = "World timezone definitions, modern and historical"
name = "pytz"
optional = false
platform = "Independent"
python-versions = "*"
version = "2018.5"

[[package]]
category = "main"
description = "Python HTTP for Humans."
name = "requests"
optional = false
platform = "*"
python-versions = ">=2.6, !=3.0.*, !=3.1.*, !=3.2.*, !=3.3.*"
version = "2.19.1"

[package.dependencies]
certifi = ">=2017.4.17"
chardet = ">=3.0.2,<3.1.0"
idna = ">=2.5,<2.8"
urllib3 = ">=1.21.1,<1.24"

[[package]]
category = "main"
description = "OAuthlib authentication support for Requests."
name = "requests-oauthlib"
optional = false
platform = "*"
python-versions = ">=2.7, !=3.0.*, !=3.1.*, !=3.2.*, !=3.3.*"
version = "1.0.0"

[package.dependencies]
oauthlib = ">=0.6.2"
requests = ">=2.0.0"

[[package]]
category = "main"
description = "SciPy: Scientific Library for Python"
name = "scipy"
optional = false
platform = "Windows"
python-versions = ">=2.7,!=3.0.*,!=3.1.*,!=3.2.*,!=3.3.*"
version = "1.1.0"

[package.dependencies]
numpy = ">=1.8.2"

[[package]]
category = "main"
description = "Python bindings for Selenium"
name = "selenium"
optional = false
platform = "*"
python-versions = "*"
version = "3.8.0"

[[package]]
category = "main"
description = "Python 2 and 3 compatibility utilities"
name = "six"
optional = false
platform = "UNKNOWN"
python-versions = "*"
version = "1.10.0"

[[package]]
category = "main"
description = "Library for performing speech recognition, with support for several engines and APIs, online and offline."
name = "speechrecognition"
optional = false
platform = "*"
python-versions = "*"
version = "3.7.1"

[[package]]
category = "main"
description = "browser abstraction for web acceptance testing"
name = "splinter"
optional = false
platform = "*"
python-versions = "*"
version = "0.7.7"

[package.dependencies]
selenium = ">=3.4.3"

[[package]]
category = "main"
description = "Non-validating SQL parser"
name = "sqlparse"
optional = false
platform = "*"
python-versions = "*"
version = "0.2.4"

[[package]]
category = "main"
description = ""
name = "textract"
optional = false
platform = "*"
python-versions = "*"
version = "1.6.1"

[package.dependencies]
SpeechRecognition = "3.7.1"
argcomplete = "1.8.2"
beautifulsoup4 = "4.6.0"
chardet = "3.0.4"
docx2txt = "0.6"
pocketsphinx = "0.1.3"
python-pptx = "0.6.6"
six = "1.10.0"
xlrd = "1.0.0"

[package.source]
reference = "0776b86cd01fbad5b2518f75a659a1e5b614a5bd"
type = "git"
url = "https://github.com/meine-stadt-transparent/textract"
[[package]]
category = "main"
description = "ASCII transliterations of Unicode text"
name = "unidecode"
optional = false
platform = "*"
python-versions = "*"
version = "1.0.22"

[[package]]
category = "main"
description = "HTTP library with thread-safe connection pooling, file post, and more."
name = "urllib3"
optional = false
platform = "*"
python-versions = ">=2.6, !=3.0.*, !=3.1.*, !=3.2.*, !=3.3.*, <4"
version = "1.23"

[[package]]
category = "main"
description = "Ctypes-based simple MagickWand API binding for Python"
name = "wand"
optional = false
platform = "UNKNOWN"
python-versions = "*"
version = "0.4.4"

[[package]]
category = "main"
description = "The comprehensive WSGI web application library."
name = "werkzeug"
optional = false
platform = "any"
python-versions = "*"
version = "0.14.1"

[[package]]
category = "main"
description = "Library for developers to extract data from Microsoft Excel (tm) spreadsheet files"
name = "xlrd"
optional = false
platform = "Any platform -- don't need Windows"
python-versions = "*"
version = "1.0.0"

[[package]]
category = "main"
description = "A Python module for creating Excel XLSX files."
name = "xlsxwriter"
optional = false
platform = "*"
python-versions = "*"
version = "1.1.0"

[metadata]
content-hash = "22162a04575d4859af6e719d86a7f92aa1be63a283b73a2e3bb1b1982b59a357"
platform = "*"
python-versions = "^3.7"

[metadata.hashes]
argcomplete = ["7a2ccde074eb6631232b2f91f8d8d5985d5bebf0e36b091113096e3a0385546b", "c2a0a88492c31a42dde41636fbd4c406cde78fe7fb938ab511b733bff6358782"]
beautifulsoup4 = ["11a9a27b7d3bddc6d86f59fb76afb70e921a25ac2d6cc55b40d072bd68435a76", "7015e76bf32f1f574636c4288399a6de66ce08fb7b2457f628a8d70c0fbabb11", "808b6ac932dccb0a4126558f7dfdcf41710dd44a4ef497a0bb59a77f9f078e89"]
certifi = ["376690d6f16d32f9d1fe8932551d80b23e9d393a8578c5633a2ed39a64861638", "456048c7e371c089d0a77a5212fb37a2c2dce1e24146e3b7e0261736aaeaa22a"]
chardet = ["84ab92ed1c4d4f16916e05906b6b75a6c0fb5db821cc65e70cbd64a3e2a5eaae", "fc323ffcaeaed0e0a02bf4d117757b98aed530d9ed4531e3e15460124c106691"]
click = ["29f99fc6125fbc931b758dc053b3114e55c77a6e4c6c3a2674a2dc986016381d", "f15516df478d5a56180fbf80e68f206010e6d160fc39fa508b65e035fd75130b"]
django = ["8176ac7985fe6737ce3d6b2531b4a2453cb7c3377c9db00bacb2b3320f4a1311", "b18235d82426f09733d2de9910cee975cf52ff05e5f836681eb957d105a05a40"]
django-allauth = ["02175aa1c2ddfd935a54011d1196d70c976647fc46f603f8b8758fc395b9d277"]
django-anymail = ["a6ba5b5196fa469043f5bdc32b294ce2427c964e40c80b45c3a3cb91fc683d9f", "be245c774541ae73fbe3baabc686b03f6ae3fc0c058f7e9bf26e7da0a5584bab"]
django-braces = ["a457d74ea29478123c0c4652272681b3cea0bf1232187fd9f9b6f1d97d32a890", "ba68e98b817c6f01d71d10849f359979617b3fe4cefb7f289adefddced092ddc"]
django-csp = ["04c0ccd4e1339e8f6af48c55c3347dc996fde2d22d79e8bf2f6b7a920412e408", "096b634430d8ea81c3d9f216f87be890f3a975c17bb9a4631f6a1619ac09c91e"]
django-debug-toolbar = ["4af2a4e1e932dadbda197b18585962d4fc20172b4e5a479490bc659fe998864d", "d9ea75659f76d8f1e3eb8f390b47fc5bad0908d949c34a8a3c4c87978eb40a0f"]
django-elasticsearch-dsl = ["e09831997ffc6ca9061496146679f7dcedd9bf8a4c6883e67ab87c5ac0e08b8b"]
django-environ = ["6c9d87660142608f63ec7d5ce5564c49b603ea8ff25da595fd6098f6dc82afde", "c57b3c11ec1f319d9474e3e5a79134f40174b17c7cc024bbb2fad84646b120c4"]
django-geojson = ["9dd9fa8160088004ca27eecbb4bf1122a792f950af32df89b21d8864c088bb3d"]
django-settings-export = ["fceeae49fc597f654c1217415d8e049fc81c930b7154f5d8f28c432db738ff79"]
django-simple-history = ["426aead38ec1ee7911f8059dc6dcd9f3f375ffa15e11f5a4cd78222808040438", "7203979afd5a7acca09376b711abd58cd873e88f7892453abfc1322bc67a9603"]
django-webpack-loader = ["60bab6b9a037a5346fad12d2a70a6bc046afb33154cf75ed640b93d3ebd5f520", "970b968c2a8975fb7eff56a3bab5d0d90d396740852d1e0c50c5cfe2b824199a"]
django-widget-tweaks = ["a31c8a2b88af98dba6471db4722a416d1c643c87efecf9a7f17f983a2a553632", "f9961162c8ed272162e22e5877d29c7780476970441dce605118ef66da685e71"]
docx2txt = ["24740c6574c5e483afc589206df4ab493b2495d4ae07f1ccb6125e5b8bfe1338"]
elasticsearch = ["658380fd60bdaf746fef12958f0abc49063218ce93ee1ae4ca1fe6291c896433", "ae91b089f2f2b5b3daa04297949e5f805ab12d187218cb587273f472656fd250"]
elasticsearch-dsl = ["197246ddd556b4b7d2738dfa9e4831068c9b5cb21706f6aca035136d42849109", "cbef6467085d7debc870bc450d996c7ba5b8822eb86a6033bba09134ffb01ba8"]
flask = ["2271c0070dbcb5275fad4a82e29f23ab92682dc45f9dfbc22c02ba9b9322ce48", "a080b744b7e345ccfcbc77954861cb05b3c63786e93f2b3875e0913d44b43f05"]
geoextract = []
geographiclib = ["635da648fce80a57b81b28875d103dacf7deb12a3f5f7387ba7d39c51e096533"]
geopy = ["76654405eb69b01a2b8d113ab2ae101513cbeeb1272b0a472a7050631dadefa0", "a70ff7d0fed8574384a033b46a0cd07ed7bf824901031da6e315f63e6d70394e"]
gunicorn = ["aa8e0b40b4157b36a5df5e599f45c9c76d6af43845ba3b3b0efe2c70473c2471", "fa2662097c66f920f53f70621c6c58ca4a3c4d3434205e608e121b5b3b71f4f3"]
html2text = ["490db40fe5b2cd79c461cf56be4d39eb8ca68191ae41ba3ba79f6cb05b7dd662", "627514fb30e7566b37be6900df26c2c78a030cc9e6211bda604d8181233bcdd4"]
icalendar = ["2f7166b36ed52e7ab3f2c6aacabb4300095e10c3a6244a53e2f77410633989ae", "80362a9f3c2686b88791fdb78c063f33bd96451f7b1b12140c5aad2df81c008c"]
idna = ["156a6814fb5ac1fc6850fb002e0852d56c0c8d2531923a51032d1b70760e186e", "684a38a6f903c1d71d6d5fac066b58d7768af4de2b832e426ec79c30daa94a16"]
itsdangerous = ["cbb3fcf8d3e33df861709ecaf89d9e6629cff0a217bc2848f1b41cd30d360519"]
jinja2 = ["74c935a1b8bb9a3947c50a54766a969d4846290e1e788ea44c1392163723c3bd", "f84be1bb0040caca4cea721fcbbbbd61f9be9464ca236387158b0feea01914a4"]
jsonfield = ["a0a7fdee736ff049059409752b045281a225610fecbda9b9bd588ba976493c12", "beb1cd4850d6d6351c32daefcb826c01757744e9c863228a642f87a1a4acb834"]
lxml = ["0cf1eca0652c4409e0655e04b840d6d85b7eb18718f5fba3862acad5500e3480", "10624ef1b468252309f269b13af4f837e3a82be366b5f3e49b0e83f1ad66205f", "1259e374da3a575615fe402e0966c5894bae3d2e229c2239ba4ebf2bb020c4b6", "26bb748af1ead0097eb8272b8a06f15a0015b8f312eef772a95f223a16e7de56", "27d0b13bcfcf2f6a5664e64fc3d684c76db1cdba5a5761795d154063559e0b59", "2b013fdabcbc21bc2770437099b921ec290235752b5baaac7a601f75094a378d", "2e469ea2c0b722b9b393187649e7d126c537a68512fc92a676fe86e57050c2a9", "37f7c2cdf513a0ea239c1609681880fb2f0073de0d2996e0ae9a7f0ef15d8b95", "68c6afc7a4411db2df28307e2493c945cb3d887e8f431b81811c1ea6ba087b8b", "73fe3452fc02c0b418914f842f897bdad0f1184368d8d9c315294ff7b94946f2", "7584d83d7315f641510e5f97f4d636ea225fd76e3f8aee965b2e8c93a8169b4d", "76e3ec6b26b1198dd5e6e20539d8360dcd3b224cd80cadba9307b790fda79161", "8288a889cbaa446e5fa168837456e63098b91953c89e5857968a5091b337cdca", "ad9e1fee284dec97b74cd88e925eca1575145598c974243cfb5e859f406adc32", "b360c3769cf0fd7d82577e40e37d4caf693f67744d0d61d11d66b5c31eaccf7a", "c4aaf320284a2713428163bae0e7df0db3b489237ab4830179210a12d56d3068", "c530274e43b0f376cd94e8e0a3e6ea28de1739ec4326689bdbf626e172d2e614", "ca4e79294fd0f3f9e0e5a4c309df84b5f2abc62349bfaf2aaf8965e5108ef8e2", "ce2dc5a104e885abbd48d0cc92ae74afa1d685ee65d6e3497067207d6a26e177", "d295cac30d3e13e82473081ea7df2a11352b5625cb54187fcd5a8be5d9ebf315", "d498338b39c4757ba88bdc705b3a0647d18554856cd2d394ac3bb919ac890c9d", "d537f8e613074805e17039e345edaa822534f66f07d315c89cff9824aa996d65", "df8ba3f52ef59a553b0e94593ea526c34faa4f531c1ab7f5ca7f392bc770c9e3", "e2553800d2d461a2dc329682d0a9068f238ec11d763e5454c61c4df7a0346ed2", "e2afbe403090f5893e254958d02875e0732975e73c4c0cdd33c1f009a61963ca", "e740efa625883f3c4de20c7e1411228d7ce2ab47b9e874a703f6681ec0558a30", "ec7864b62da0f5ae44973351247f2250a25b9b544fc6aff8bd6a75da1156cc70", "f26ddab491b10279b7e8e3fdcbaaaba3ab282fbaecfa48a19874dfc4d53b9d4f", "f6a16681f30918521066ddcc4ba79c1e033c9837dd94f78f5a9f6110e7572185", "f968623ac9b81a6253d4bbbe3f4d1e6be5f33707f397b566935783511bfa281a"]
markupsafe = ["a6be69091dac236ea9c6bc7d012beab42010fa914c459791d627dad4910eb665"]
mysqlclient = ["ff8ee1be84215e6c30a746b728c41eb0701a46ca76e343af445b35ce6250644f"]
nltk = ["687cd9c09fcb68058436f9952964e758673c7baccb7a322470f8c1b284e33cee", "fe0eda251be65843be86d7de9abfbf7161732256f742e623b21243ec47bdb718"]
numpy = ["1c362ad12dd09a43b348bb28dd2295dd9cdf77f41f0f45965e04ba97f525b864", "2156a06bd407918df4ac0122df6497a9c137432118f585e5b17d543e593d1587", "24e4149c38489b51fc774b1e1faa9103e82f73344d7a00ba66f6845ab4769f3f", "340ec1697d9bb3a9c464028af7a54245298502e91178bddb4c37626d36e197b7", "35db8d419345caa4eeaa65cd63f34a15208acd87530a30f0bc25fc84f55c8c80", "361370e9b7f5e44c41eee29f2bb5cb3b755abb4b038bce6d6cbe08db7ff9cb74", "36e8dcd1813ca92ce7e4299120cee6c03adad33d89b54862c1b1a100443ac399", "378378973546ecc1dfaf9e24c160d683dd04df871ecd2dcc86ce658ca20f92c0", "419e6faee16097124ee627ed31572c7e80a1070efa25260b78097cca240e219a", "4287104c24e6a09b9b418761a1e7b1bbde65105f110690ca46a23600a3c606b8", "549f3e9778b148a47f4fb4682955ed88057eb627c9fe5467f33507c536deda9d", "5e359e9c531075220785603e5966eef20ccae9b3b6b8a06fdfb66c084361ce92", "5ee7f3dbbdba0da75dec7e94bd7a2b10fe57a83e1b38e678200a6ad8e7b14fdc", "62d55e96ec7b117d3d5e618c15efcf769e70a6effaee5842857b64fb4883887a", "719b6789acb2bc86ea9b33a701d7c43dc2fc56d95107fd3c5b0a8230164d4dfb", "7a70f2b60d48828cba94a54a8776b61a9c2657a803d47f5785f8062e3a9c7c55", "7b9e37f194f8bcdca8e9e6af92e2cbad79e360542effc2dd6b98d63955d8d8a3", "83b8fc18261b70f45bece2d392537c93dc81eb6c539a16c9ac994c47fc79f09a", "9473ad28375710ab18378e72b59422399b27e957e9339c413bf00793b4b12df0", "95b085b253080e5d09f7826f5e27dce067bae813a132023a77b739614a29de6e", "98b86c62c08c2e5dc98a9c856d4a95329d11b1c6058cb9b5191d5ea6891acd09", "a3bd01d6d3ed3d7c06d7f9979ba5d68281f15383fafd53b81aa44b9191047cf8", "c81a6afc1d2531a9ada50b58f8c36197f8418ef3d0611d4c1d7af93fdcda764f", "ce75ed495a746e3e78cfa22a77096b3bff2eda995616cb7a542047f233091268", "dae8618c0bcbfcf6cf91350f8abcdd84158323711566a8c5892b5c7f832af76f", "df0b02c6705c5d1c25cc35c7b5d6b6f9b3b30833f9d178843397ae55ecc2eebb", "e3660744cda0d94b90141cdd0db9308b958a372cfeee8d7188fdf5ad9108ea82", "f2362d0ca3e16c37782c1054d7972b8ad2729169567e3f0f4e5dd3cdf85f188e"]
oauthlib = ["ac35665a61c1685c56336bda97d5eefa246f1202618a1d6f34fccb1bdd404162", "d883b36b21a6ad813953803edfa563b1b579d79ca758fe950d1bc9e8b326025b"]
pillow = ["00def5b638994f888d1058e4d17c86dec8e1113c3741a0a8a659039aec59a83a", "026449b64e559226cdb8e6d8c931b5965d8fc90ec18ebbb0baa04c5b36503c72", "03dbb224ee196ef30ed2156d41b579143e1efeb422974719a5392fc035e4f574", "03eb0e04f929c102ae24bc436bf1c0c60a4e63b07ebd388e84d8b219df3e6acd", "087b0551ce2d19b3f092f2b5f071a065f7379e748867d070b29999cc83db15e3", "091a0656688d85fd6e10f49a73fa3ab9b37dbfcb2151f5a3ab17f8b879f467ee", "0f3e2d0a9966161b7dfd06d147f901d72c3a88ea1a833359b92193b8e1f68e1c", "114398d0e073b93e1d7da5b5ab92ff4b83c0180625c8031911425e51f4365d2e", "1be66b9a89e367e7d20d6cae419794997921fe105090fafd86ef39e20a3baab2", "1c5e93c40d4ce8cb133d3b105a869be6fa767e703f6eb1003eb4b90583e08a59", "1e977a3ed998a599bda5021fb2c2889060617627d3ae228297a529a082a3cd5c", "22cf3406d135cfcc13ec6228ade774c8461e125c940e80455f500638429be273", "24adccf1e834f82718c7fc8e3ec1093738da95144b8b1e44c99d5fc7d3e9c554", "2a3e362c97a5e6a259ee9cd66553292a1f8928a5bdfa3622fdb1501570834612", "3518f9fc666cbc58a5c1f48a6a23e9e6ceef69665eab43cdad5144de9383e72c", "3709339f4619e8c9b00f53079e40b964f43c5af61fb89a923fe24437167298bb", "3832e26ecbc9d8a500821e3a1d3765bda99d04ae29ffbb2efba49f5f788dc934", "452d159024faf37cc080537df308e8fa0026076eb38eb75185d96ed9642bd6d7", "4fd1f0c2dc02aaec729d91c92cd85a2df0289d88e9f68d1e8faba750bb9c4786", "4fda62030f2c515b6e2e673c57caa55cb04026a81968f3128aae10fc28e5cc27", "5044d75a68b49ce36a813c82d8201384207112d5d81643937fc758c05302f05b", "522184556921512ec484cb93bd84e0bab915d0ac5a372d49571c241a7f73db62", "5914cff11f3e920626da48e564be6818831713a3087586302444b9c70e8552d9", "653d48fe46378f40e3c2b892be88d8440efbb2c9df78559da44c63ad5ecb4142", "6661a7908d68c4a133e03dac8178287aa20a99f841ea90beeb98a233ae3fd710", "6735a7e560df6f0deb78246a6fe056cf2ae392ba2dc060ea8a6f2535aec924f1", "6d26a475a19cb294225738f5c974b3a24599438a67a30ed2d25638f012668026", "791f07fe13937e65285f9ef30664ddf0e10a0230bdb236751fa0ca67725740dd", "79258a8df3e309a54c7ef2ef4a59bb8e28f7e4a8992a3ad17c24b1889ced44f3", "7d74c20b8f1c3e99d3f781d3b8ff5abfefdd7363d61e23bdeba9992ff32cc4b4", "81918afeafc16ba5d9d0d4e9445905f21aac969a4ebb6f2bff4b9886da100f4b", "8194d913ca1f459377c8a4ed8f9b7ad750068b8e0e3f3f9c6963fcc87a84515f", "84d5d31200b11b3c76fab853b89ac898bf2d05c8b3da07c1fcc23feb06359d6e", "989981db57abffb52026b114c9a1f114c7142860a6d30a352d28f8cbf186500b", "a3d7511d3fad1618a82299aab71a5fceee5c015653a77ffea75ced9ef917e71a", "a4a6ac01b8c2f9d2d83719f193e6dea493e18445ce5bfd743d739174daa974d9", "acb90eb6c7ed6526551a78211d84c81e33082a35642ff5fe57489abc14e6bf6e", "b3ef168d4d6fd4fa6685aef7c91400f59f7ab1c0da734541f7031699741fb23f", "c1c5792b6e74bbf2af0f8e892272c2a6c48efa895903211f11b8342e03129fea", "c5dcb5a56aebb8a8f2585042b2f5c496d7624f0bcfe248f0cc33ceb2fd8d39e7", "d16f90810106822833a19bdb24c7cb766959acf791ca0edf5edfec674d55c8ee", "dcdc9cd9880027688007ff8f7c8e7ae6f24e81fae33bfd18d1e691e7bda4855f", "e2807aad4565d8de15391a9548f97818a14ef32624015c7bf3095171e314445e", "e2bed4a04e2ca1050bb5f00865cf2f83c0b92fd62454d9244f690fcd842e27a4", "e87a527c06319428007e8c30511e1f0ce035cb7f14bb4793b003ed532c3b9333", "ebcfc33a6c34984086451e230253bc33727bd17b4cdc4b39ec03032c3a6fc9e9", "f63e420180cbe22ff6e32558b612e75f50616fc111c5e095a4631946c782e109", "f7717eb360d40e7598c30cc44b33d98f79c468d9279379b66c1e28c568e0bf47", "f8582e1ab155302ea9ef1235441a0214919f4f79c4c7c21833ce9eec58181781", "f8b3d413c5a8f84b12cd4c5df1d8e211777c9852c6be3ee9c094b626644d3eab"]
pocketsphinx = ["019d2a2971f19aac3e319f2536fd1ff13b14ed9c7fbf9bc3440cb07fe261e5a4", "21d0cfdeb78910b22562504c7d9a53868f64b9040888cc193c03198a849e5dae", "2b06fea365b55a40a0e51510b1b62a1575f264a38516ad20b940c133d569f6ef", "2f5ec0f812c3e346efd8143427fe1064b3fdc10038396caae0aca7afcba782e1", "42c82f117009a7355f281932a5fe6bee1f68a432631712241c60d207ef267931", "4dc0af673eb6d0523237ea66f2f72f9be38021c3e702e07d67718afd02220cac", "59f6de8ec032dccf059e0c5c9f1a21df553b9cfb6f4d5ebcfe580634c849f376", "6701ef8b107605771b52d60a592b65bae093cf533c3c070bd2ddb2807c609fde", "7fc0d6de2c64448ff9370249723b9319c75ad2f524f0d57e30f80bf521fa26f1", "919503baba39604d6f1b8017a8fc239c41f77c7646748a0cc077001579a0bade", "9a254518c4ff7f57aec7bdc86792d391622768bbc348bb0e0ebb1cbcf55184da", "9cb4b05b16b805c3460a323304b907f3a3609bb3e969ed09e361273f6ed16681", "9cee94eb0e861f7bba0bd9081176cd48bb49909fabb01330c2d1d1c1b336e7b1", "9f932d7a6e2ec04ea8f0b019537fa0c92e702a226a02007223c55a46606c9568", "a57ab9c122540cd8b2d6a9658cbfa05197eb013120a9b91b11a49f96ce4f2a8c", "a65ea9e5c9218b529de7d5560d302bc95aa21741fd9564896fdf362e2cd0e82d", "ac125aadefc85ab78706a4d18ae66c3dcf89eb9e2a0cbd88c7a6086df420346d", "ba144654675157c3c5ab890c86cfefbd495790e1ad9f8be97f64738bb0e7e785", "c1951834ebc1c0bad31bb0bbb8337921e6333b63be1582f6fe2c14132cfba162", "cb3a4c5427de4975269f9d6fec975fc958431e3382f31921830fda08a8b795a6", "ccdc5fb5591649cd0edcdde541bc813b5f74bf5dd04872b937e551732eaa6847", "da40cac571b9f2113bd0446b7fcb9a0e6d5e190e283d16864680fa83d45e2383", "e05e0ed601916e78d4854b23ce3699cd287208d63143b0c38bc060dbe4ccbcec", "f6bfa8e9a08026c46061364f59e9af8b0f4049142d4f155d9f07229d9b2d8281", "fdbf33d926aece1c56fc7772fe7763f371eb8b0029ed85b498558aba15a8eb21"]
pyahocorasick = ["3d584e7836ca7b066f99d7fdb384dc6ef7af211b2b139baedbd960c7c279bb7f"]
pypdf2 = ["e28f902f2f0a1603ea95ebe21dff311ef09be3d0f0ef29a3e44a932729564385"]
python-dateutil = ["1adb80e7a782c12e52ef9a8182bebeb73f1d7e24e374397af06fb4956c8dc5c0", "e27001de32f627c22380a688bcc43ce83504a7bc5da472209b4c70f02829f0b8"]
python-openid = ["92c51c3ecec846cbec4aeff11f9ff47303d4a63f93b0e6ac0ec02a091fed70ef", "c2d133e47e0a7705c9272eef00d7a09c174f5bf17a127fed8e2c6499556cc782"]
python-pptx = ["b7508d6ab2954854b6efeb2ffc2653ff0e8185fb314df6c8673c534b0caeed50"]
python-slugify = ["7723daf30996db26573176bddcdf5fcb98f66dc70df05c9cb29f2c79b8193245"]
pytz = ["a061aa0a9e06881eb8b3b2b43f05b9439d6583c206d0a6c340ff72a7b6669053", "ffb9ef1de172603304d9d2819af6f5ece76f2e85ec10692a524dd876e72bf277"]
requests = ["63b52e3c866428a224f97cab011de738c36aec0185aa91cfacd418b5d58911d1", "ec22d826a36ed72a7358ff3fe56cbd4ba69dd7a6718ffd450ff0e9df7a47ce6a"]
requests-oauthlib = ["8886bfec5ad7afb391ed5443b1f697c6f4ae98d0e5620839d8b4499c032ada3f", "e21232e2465808c0e892e0e4dbb8c2faafec16ac6dc067dd546e9b466f3deac8", "fe3282f48fb134ee0035712159f5429215459407f6d5484013343031ff1a400d"]
scipy = ["0611ee97296265af4a21164a5323f8c1b4e8e15c582d3dfa7610825900136bb7", "08237eda23fd8e4e54838258b124f1cd141379a5f281b0a234ca99b38918c07a", "0e645dbfc03f279e1946cf07c9c754c2a1859cb4a41c5f70b25f6b3a586b6dbd", "0e9bb7efe5f051ea7212555b290e784b82f21ffd0f655405ac4f87e288b730b3", "108c16640849e5827e7d51023efb3bd79244098c3f21e4897a1007720cb7ce37", "340ef70f5b0f4e2b4b43c8c8061165911bc6b2ad16f8de85d9774545e2c47463", "3ad73dfc6f82e494195144bd3a129c7241e761179b7cb5c07b9a0ede99c686f3", "3b243c77a822cd034dad53058d7c2abf80062aa6f4a32e9799c95d6391558631", "404a00314e85eca9d46b80929571b938e97a143b4f2ddc2b2b3c91a4c4ead9c5", "423b3ff76957d29d1cce1bc0d62ebaf9a3fdfaf62344e3fdec14619bb7b5ad3a", "42d9149a2fff7affdd352d157fa5717033767857c11bd55aa4a519a44343dfef", "625f25a6b7d795e8830cb70439453c9f163e6870e710ec99eba5722775b318f3", "698c6409da58686f2df3d6f815491fd5b4c2de6817a45379517c92366eea208f", "729f8f8363d32cebcb946de278324ab43d28096f36593be6281ca1ee86ce6559", "8190770146a4c8ed5d330d5b5ad1c76251c63349d25c96b3094875b930c44692", "878352408424dffaa695ffedf2f9f92844e116686923ed9aa8626fc30d32cfd1", "8b984f0821577d889f3c7ca8445564175fb4ac7c7f9659b7c60bef95b2b70e76", "8f841bbc21d3dad2111a94c490fb0a591b8612ffea86b8e5571746ae76a3deac", "c22b27371b3866c92796e5d7907e914f0e58a36d3222c5d436ddd3f0e354227a", "d0cdd5658b49a722783b8b4f61a6f1f9c75042d0e29a30ccb6cacc9b25f6d9e2", "d40dc7f494b06dcee0d303e51a00451b2da6119acbeaccf8369f2d29e28917ac", "d8491d4784aceb1f100ddb8e31239c54e4afab8d607928a9f7ef2469ec35ae01", "dfc5080c38dde3f43d8fbb9c0539a7839683475226cf83e4b24363b227dfe552", "e24e22c8d98d3c704bb3410bce9b69e122a8de487ad3dbfe9985d154e5c03a40", "e7a01e53163818d56eabddcafdc2090e9daba178aad05516b20c6591c4811020", "ee677635393414930541a096fc8e61634304bb0153e4e02b75685b11eba14cae", "f0521af1b722265d824d6ad055acfe9bd3341765735c44b5a4d0069e189a0f40", "f25c281f12c0da726c6ed00535ca5d1622ec755c30a3f8eafef26cf43fede694"]
selenium = ["3af07d7a4b5d523540fa4f32902b9dec15e0379862406aef974729f42411053d", "af448c15b3225056cd406b435cda10bfcee250460a4811e4fd8b21be9f61626c"]
six = ["0ff78c403d9bccf5a425a6d31a12aa6b47f1c21ca4dc2573a7e2f32a97335eb1", "105f8d68616f8248e24bf0e9372ef04d3cc10104f1980f54d57b2ce73a5ad56a"]
speechrecognition = ["fe4f5785e54e4b07852f00128f6219817cec7237c57194cf73608cbea327f7ad"]
splinter = ["71a83ef32cd976f3fb80a190d3c439a6dd82c347bcd0feb068d7d48e14aee269", "f97119f84d339067169451d56043f37f6b0a504a17a7ac6e48c91c012be72af6"]
sqlparse = ["ce028444cfab83be538752a2ffdb56bc417b7784ff35bb9a3062413717807dec", "d9cf190f51cbb26da0412247dfe4fb5f4098edb73db84e02f9fc21fdca31fed4"]
textract = []
unidecode = ["72f49d3729f3d8f5799f710b97c1451c5163102e76d64d20e170aedbbd923582", "8c33dd588e0c9bc22a76eaa0c715a5434851f726131bd44a6c26471746efabf5"]
urllib3 = ["a68ac5e15e76e7e5dd2b8f94007233e01effe3e50e8daddf69acfd81cb686baf", "b5725a0bd4ba422ab0e66e89e030c806576753ea3ee08554382c14e685d117b5"]
wand = ["28e0454c9d16d69c5d5034918d96320d8f9f1377b4fdaf4944eec2f938c74704", "fb50d0ad4cad995f0b59b13f76bced22682ab80b4299084a2c3c535b225850c9"]
werkzeug = ["c3fd7a7d41976d9f44db327260e263132466836cef6f91512889ed60ad26557c", "d5da73735293558eb1651ee2fddc4d0dedcfa06538b8813a2e20011583c9e49b"]
xlrd = ["05f55eb39a68f1c3d336de186aeb90c98ea5add722813738d8ae8b97819c5924", "0ff87dd5d50425084f7219cb6f86bb3eb5aa29063f53d50bf270ed007e941069"]
xlsxwriter = ["18716ac3d8cd1f8c73af2a674df954bf4c1ae7a8b5944e1d6ca66815ece9518e", "b2c7cbe246d1e1d113b4d014a71d1d9bb258f28625512f8df290352d1685be13"]
