# THIS IS AN AUTOGENERATED FILE. DO NOT EDIT THIS FILE DIRECTLY.
# yarn lockfile v1


etag@^1.8.1:
  version "1.8.1"
  resolved "https://registry.yarnpkg.com/etag/-/etag-1.8.1.tgz#41ae2eeb65efa62268aebfea83ac7d79299b0887"
  integrity sha1-Qa4u62XvpiJorr/qg6x9eSmbCIc=

test-missing-dep-npm-package@dependabot-fixtures/test-missing-dep-npm-package#v1.0.0:
  version "1.0.0"
  resolved "https://codeload.github.com/dependabot-fixtures/test-missing-dep-npm-package/tar.gz/dadcb3ff221860249c08960cddea6cee798c48da"
  dependencies:
    etag "^1.8.1"
