# THIS IS AN AUTOGENERATED FILE. DO NOT EDIT THIS FILE DIRECTLY.
# yarn lockfile v1


chalk@^2.0.0:
  version "2.3.0"
  resolved "http://registry.npm.taobao.org/chalk/download/chalk-2.3.0.tgz#b5ea48efc9c1793dccc9b4767c93914d3f2d52ba"
  dependencies:
    ansi-styles "^3.1.0"
    escape-string-regexp "^1.0.5"
    supports-color "^4.0.0"

my-private-dep-asdlfkasdf@^1.0.0:
  version "1.0.0"
  resolved "https://npm-proxy.fury.io/securetoken/dependabot/~/d/my-private-dep/my-private-dep-1.0.0#f4f549a83f78336d6eed53ce124987921c35328a"
