{
  "object": {
    "pins": [
      {
        "package": "xctest-dynamic-overlay",
        "repositoryURL": "https://github.com/pointfreeco/xctest-dynamic-overlay",
        "state": {
          "branch": null,
          "revision": "30314f1ece684dd60679d598a9b89107557b67d9",
          "version": "0.4.1"
        }
      }
    ]
  },
  "version": 1
}
