# This file is generated by running "yarn install" inside your project.
# Manual changes might be lost - proceed with caution!

__metadata:
  version: 6
  cacheKey: 8

"is-positive@npm:3.1.0":
  version: 3.1.0
  resolution: "is-positive@npm:3.1.0"
  checksum: 3675229110735f470860b5fe0740dae1baa9d6f7c6a69f25116aa1888cbc3d092f068f6f94219c290022d0e334f1c82db3041286236ae8a8e132146fd7bcf99d
  languageName: node
  linkType: hard

"left-pad@npm:^1.0.1":
  version: 1.3.0
  resolution: "left-pad@npm:1.3.0"
  checksum: 13fa96e17b70a54836490de22d4bab706e2ed508338bbabecfac72ecce445a74139c5b009a8112252cab8fc4ab7ac4ebd870e5b35bd236b443b12be96f8745ac
  languageName: node
  linkType: hard

"original@workspace:.":
  version: 0.0.0-use.local
  resolution: "original@workspace:."
  dependencies:
    is-positive: 3.1.0
    left-pad: ^1.0.1
  languageName: unknown
  linkType: soft
