# This file is generated by running "yarn install" inside your project.
# Manual changes might be lost - proceed with caution!

__metadata:
  version: 5
  cacheKey: 8

"@cspotcode/source-map-support@npm:^0.8.0":
  version: 0.8.1
  resolution: "@cspotcode/source-map-support@npm:0.8.1"
  dependencies:
    "@jridgewell/trace-mapping": 0.3.9
  checksum: 5718f267085ed8edb3e7ef210137241775e607ee18b77d95aa5bd7514f47f5019aa2d82d96b3bf342ef7aa890a346fa1044532ff7cc3009e7d24fce3ce6200fa
  languageName: node
  linkType: hard

"@jridgewell/resolve-uri@npm:^3.0.3":
  version: 3.1.0
  resolution: "@jridgewell/resolve-uri@npm:3.1.0"
  checksum: b5ceaaf9a110fcb2780d1d8f8d4a0bfd216702f31c988d8042e5f8fbe353c55d9b0f55a1733afdc64806f8e79c485d2464680ac48a0d9fcadb9548ee6b81d267
  languageName: node
  linkType: hard

"@jridgewell/sourcemap-codec@npm:^1.4.10":
  version: 1.4.14
  resolution: "@jridgewell/sourcemap-codec@npm:1.4.14"
  checksum: 61100637b6d173d3ba786a5dff019e1a74b1f394f323c1fee337ff390239f053b87266c7a948777f4b1ee68c01a8ad0ab61e5ff4abb5a012a0b091bec391ab97
  languageName: node
  linkType: hard

"@jridgewell/trace-mapping@npm:0.3.9":
  version: 0.3.9
  resolution: "@jridgewell/trace-mapping@npm:0.3.9"
  dependencies:
    "@jridgewell/resolve-uri": ^3.0.3
    "@jridgewell/sourcemap-codec": ^1.4.10
  checksum: d89597752fd88d3f3480845691a05a44bd21faac18e2185b6f436c3b0fd0c5a859fbbd9aaa92050c4052caf325ad3e10e2e1d1b64327517471b7d51babc0ddef
  languageName: node
  linkType: hard

"@koa/router@npm:^12.0.0":
  version: 12.0.0
  resolution: "@koa/router@npm:12.0.0"
  dependencies:
    http-errors: ^2.0.0
    koa-compose: ^4.1.0
    methods: ^1.1.2
    path-to-regexp: ^6.2.1
  checksum: 5529629f7517dba20319cf70b66c5a6111673019f6d196cd500a7b90e6663c99848c188f1bce17415d46c7b20b06566d432299a53affe0a15d05b9213917b9f6
  languageName: node
  linkType: hard

"@tsconfig/node10@npm:^1.0.7":
  version: 1.0.9
  resolution: "@tsconfig/node10@npm:1.0.9"
  checksum: a33ae4dc2a621c0678ac8ac4bceb8e512ae75dac65417a2ad9b022d9b5411e863c4c198b6ba9ef659e14b9fb609bbec680841a2e84c1172df7a5ffcf076539df
  languageName: node
  linkType: hard

"@tsconfig/node12@npm:^1.0.7":
  version: 1.0.11
  resolution: "@tsconfig/node12@npm:1.0.11"
  checksum: 5ce29a41b13e7897a58b8e2df11269c5395999e588b9a467386f99d1d26f6c77d1af2719e407621412520ea30517d718d5192a32403b8dfcc163bf33e40a338a
  languageName: node
  linkType: hard

"@tsconfig/node14@npm:^1.0.0":
  version: 1.0.3
  resolution: "@tsconfig/node14@npm:1.0.3"
  checksum: 19275fe80c4c8d0ad0abed6a96dbf00642e88b220b090418609c4376e1cef81bf16237bf170ad1b341452feddb8115d8dd2e5acdfdea1b27422071163dc9ba9d
  languageName: node
  linkType: hard

"@tsconfig/node16@npm:^1.0.2":
  version: 1.0.3
  resolution: "@tsconfig/node16@npm:1.0.3"
  checksum: 3a8b657dd047495b7ad23437d6afd20297ce90380ff0bdee93fc7d39a900dbd8d9e26e53ff6b465e7967ce2adf0b218782590ce9013285121e6a5928fbd6819f
  languageName: node
  linkType: hard

"@types/accepts@npm:*":
  version: 1.3.5
  resolution: "@types/accepts@npm:1.3.5"
  dependencies:
    "@types/node": "*"
  checksum: 590b7580570534a640510c071e09074cf63b5958b237a728f94322567350aea4d239f8a9d897a12b15c856b992ee4d7907e9812bb079886af2c00714e7fb3f60
  languageName: node
  linkType: hard

"@types/body-parser@npm:*":
  version: 1.19.2
  resolution: "@types/body-parser@npm:1.19.2"
  dependencies:
    "@types/connect": "*"
    "@types/node": "*"
  checksum: e17840c7d747a549f00aebe72c89313d09fbc4b632b949b2470c5cb3b1cb73863901ae84d9335b567a79ec5efcfb8a28ff8e3f36bc8748a9686756b6d5681f40
  languageName: node
  linkType: hard

"@types/connect@npm:*":
  version: 3.4.35
  resolution: "@types/connect@npm:3.4.35"
  dependencies:
    "@types/node": "*"
  checksum: fe81351470f2d3165e8b12ce33542eef89ea893e36dd62e8f7d72566dfb7e448376ae962f9f3ea888547ce8b55a40020ca0e01d637fab5d99567673084542641
  languageName: node
  linkType: hard

"@types/content-disposition@npm:*":
  version: 0.5.5
  resolution: "@types/content-disposition@npm:0.5.5"
  checksum: fdf7379db1d509990bcf9a21d85f05aad878596f28b1418f9179f6436cb22513262c670ce88c6055054a7f5804a9303eeacb70aa59a5e11ffdc1434559db9692
  languageName: node
  linkType: hard

"@types/cookies@npm:*":
  version: 0.7.7
  resolution: "@types/cookies@npm:0.7.7"
  dependencies:
    "@types/connect": "*"
    "@types/express": "*"
    "@types/keygrip": "*"
    "@types/node": "*"
  checksum: d3759efc1182cb0651808570ae13638677b67b0ea724eef7b174e58ffe6ea044b62c7c2715e532f76f88fce4dd8101ed32ac6fbb73226db654017924e8a2a1e6
  languageName: node
  linkType: hard

"@types/express-serve-static-core@npm:^4.17.33":
  version: 4.17.33
  resolution: "@types/express-serve-static-core@npm:4.17.33"
  dependencies:
    "@types/node": "*"
    "@types/qs": "*"
    "@types/range-parser": "*"
  checksum: dce580d16b85f207445af9d4053d66942b27d0c72e86153089fa00feee3e96ae336b7bedb31ed4eea9e553c99d6dd356ed6e0928f135375d9f862a1a8015adf2
  languageName: node
  linkType: hard

"@types/express@npm:*":
  version: 4.17.17
  resolution: "@types/express@npm:4.17.17"
  dependencies:
    "@types/body-parser": "*"
    "@types/express-serve-static-core": ^4.17.33
    "@types/qs": "*"
    "@types/serve-static": "*"
  checksum: 0196dacc275ac3ce89d7364885cb08e7fb61f53ca101f65886dbf1daf9b7eb05c0943e2e4bbd01b0cc5e50f37e0eea7e4cbe97d0304094411ac73e1b7998f4da
  languageName: node
  linkType: hard

"@types/http-assert@npm:*":
  version: 1.5.3
  resolution: "@types/http-assert@npm:1.5.3"
  checksum: 9553e5a0b8bcfdac4b51d3fa3b89a91b5450171861a667a5b4c47204e0f4a1ca865d97396e6ceaf220e87b64d06b7a8bad7bfba15ef97acb41a87507c9940dbc
  languageName: node
  linkType: hard

"@types/http-errors@npm:*":
  version: 2.0.1
  resolution: "@types/http-errors@npm:2.0.1"
  checksum: 3bb0c50b0a652e679a84c30cd0340d696c32ef6558518268c238840346c077f899315daaf1c26c09c57ddd5dc80510f2a7f46acd52bf949e339e35ed3ee9654f
  languageName: node
  linkType: hard

"@types/keygrip@npm:*":
  version: 1.0.2
  resolution: "@types/keygrip@npm:1.0.2"
  checksum: 60bc2738a4f107070ee3d96f44709cb38f3a96c7ccabab09f56c1b2b4d85f869fd8fb9f1f2937e863d0e9e781f005c2223b823bf32b859185b4f52370c352669
  languageName: node
  linkType: hard

"@types/koa-compose@npm:*":
  version: 3.2.5
  resolution: "@types/koa-compose@npm:3.2.5"
  dependencies:
    "@types/koa": "*"
  checksum: 5d1147c4b057eb158195f442f0384f06503f3e69dba99fb517b30a05261a9f92928945c12bb1cfc17a5b7d60db003f38b455a3a9b125f12e4fc81fffa396b3cf
  languageName: node
  linkType: hard

"@types/koa@npm:*, @types/koa@npm:^2.13.5":
  version: 2.13.5
  resolution: "@types/koa@npm:2.13.5"
  dependencies:
    "@types/accepts": "*"
    "@types/content-disposition": "*"
    "@types/cookies": "*"
    "@types/http-assert": "*"
    "@types/http-errors": "*"
    "@types/keygrip": "*"
    "@types/koa-compose": "*"
    "@types/node": "*"
  checksum: e3b634d934b79ce8f394bf4130511596081f9c073dbfb4309aa32e4c421c47049a002b65111f8d9687eabec55d5a27b1b9ae0699afa83894cb7032c3536bfa17
  languageName: node
  linkType: hard

"@types/koa__router@npm:^12.0.0":
  version: 12.0.0
  resolution: "@types/koa__router@npm:12.0.0"
  dependencies:
    "@types/koa": "*"
  checksum: ebfee772f7a9c5ff5e296a24443eb2c288fa2e5b8c60afbb460b41f0bd0d68c8a722fff5984eef7b7d90d057fe6f556171695ea83e2cdbeef3e2462f73c362b7
  languageName: node
  linkType: hard

"@types/mime@npm:*":
  version: 3.0.1
  resolution: "@types/mime@npm:3.0.1"
  checksum: 4040fac73fd0cea2460e29b348c1a6173da747f3a87da0dbce80dd7a9355a3d0e51d6d9a401654f3e5550620e3718b5a899b2ec1debf18424e298a2c605346e7
  languageName: node
  linkType: hard

"@types/node@npm:*":
  version: 18.14.0
  resolution: "@types/node@npm:18.14.0"
  checksum: d83fcf5e4ed544755dd9028f5cbb6b9d46235043159111bb2ad62223729aee581c0144a9f6df8ba73d74011db9ed4ebd7af2fd5e0996714e3beb508a5da8ac5c
  languageName: node
  linkType: hard

"@types/qs@npm:*":
  version: 6.9.7
  resolution: "@types/qs@npm:6.9.7"
  checksum: 7fd6f9c25053e9b5bb6bc9f9f76c1d89e6c04f7707a7ba0e44cc01f17ef5284adb82f230f542c2d5557d69407c9a40f0f3515e8319afd14e1e16b5543ac6cdba
  languageName: node
  linkType: hard

"@types/range-parser@npm:*":
  version: 1.2.4
  resolution: "@types/range-parser@npm:1.2.4"
  checksum: b7c0dfd5080a989d6c8bb0b6750fc0933d9acabeb476da6fe71d8bdf1ab65e37c136169d84148034802f48378ab94e3c37bb4ef7656b2bec2cb9c0f8d4146a95
  languageName: node
  linkType: hard

"@types/serve-static@npm:*":
  version: 1.15.0
  resolution: "@types/serve-static@npm:1.15.0"
  dependencies:
    "@types/mime": "*"
    "@types/node": "*"
  checksum: b6ac93d471fb0f53ddcac1f9b67572a09cd62806f7db5855244b28f6f421139626f24799392566e97d1ffc61b12f9de7f30380c39fcae3c8a161fe161d44edf2
  languageName: node
  linkType: hard

"@types/strip-bom@npm:^3.0.0":
  version: 3.0.0
  resolution: "@types/strip-bom@npm:3.0.0"
  checksum: cb165d0c2ce6abbef95506ebee25be02bd453600ef1792dc1754236e5d6f9c830d52bdb85978d0b08ea1f36b96a61235ac5ad99e0f4c2767fb4ea004e141d2df
  languageName: node
  linkType: hard

"@types/strip-json-comments@npm:0.0.30":
  version: 0.0.30
  resolution: "@types/strip-json-comments@npm:0.0.30"
  checksum: 829ddd389645073f347c5b1924a8c34b8813af29756576e511c46f40e218193cf93ccbade62661d47fc70f707e98f410331729b8c20edfcb2e807d51df1ad4b7
  languageName: node
  linkType: hard

"abort-controller@npm:^3.0.0":
  version: 3.0.0
  resolution: "abort-controller@npm:3.0.0"
  dependencies:
    event-target-shim: ^5.0.0
  checksum: 170bdba9b47b7e65906a28c8ce4f38a7a369d78e2271706f020849c1bfe0ee2067d4261df8bbb66eb84f79208fd5b710df759d64191db58cfba7ce8ef9c54b75
  languageName: node
  linkType: hard

"accepts@npm:^1.3.5":
  version: 1.3.8
  resolution: "accepts@npm:1.3.8"
  dependencies:
    mime-types: ~2.1.34
    negotiator: 0.6.3
  checksum: 50c43d32e7b50285ebe84b613ee4a3aa426715a7d131b65b786e2ead0fd76b6b60091b9916d3478a75f11f162628a2139991b6c03ab3f1d9ab7c86075dc8eab4
  languageName: node
  linkType: hard

"acorn-walk@npm:^8.1.1":
  version: 8.2.0
  resolution: "acorn-walk@npm:8.2.0"
  checksum: 1715e76c01dd7b2d4ca472f9c58968516a4899378a63ad5b6c2d668bba8da21a71976c14ec5f5b75f887b6317c4ae0b897ab141c831d741dc76024d8745f1ad1
  languageName: node
  linkType: hard

"acorn@npm:^8.4.1":
  version: 8.8.2
  resolution: "acorn@npm:8.8.2"
  bin:
    acorn: bin/acorn
  checksum: f790b99a1bf63ef160c967e23c46feea7787e531292bb827126334612c234ed489a0dc2c7ba33156416f0ffa8d25bf2b0fdb7f35c2ba60eb3e960572bece4001
  languageName: node
  linkType: hard

"arg@npm:^4.1.0":
  version: 4.1.3
  resolution: "arg@npm:4.1.3"
  checksum: 544af8dd3f60546d3e4aff084d451b96961d2267d668670199692f8d054f0415d86fc5497d0e641e91546f0aa920e7c29e5250e99fc89f5552a34b5d93b77f43
  languageName: node
  linkType: hard

"asynckit@npm:^0.4.0":
  version: 0.4.0
  resolution: "asynckit@npm:0.4.0"
  checksum: 7b78c451df768adba04e2d02e63e2d0bf3b07adcd6e42b4cf665cb7ce899bedd344c69a1dcbce355b5f972d597b25aaa1c1742b52cffd9caccb22f348114f6be
  languageName: node
  linkType: hard

"atomic-sleep@npm:^1.0.0":
  version: 1.0.0
  resolution: "atomic-sleep@npm:1.0.0"
  checksum: b95275afb2f80732f22f43a60178430c468906a415a7ff18bcd0feeebc8eec3930b51250aeda91a476062a90e07132b43a1794e8d8ffcf9b650e8139be75fa36
  languageName: node
  linkType: hard

"axios@npm:1.5.1":
  version: 1.5.1
  resolution: "axios@npm:1.5.1"
  dependencies:
    follow-redirects: ^1.15.0
    form-data: ^4.0.0
    proxy-from-env: ^1.1.0
  checksum: 4444f06601f4ede154183767863d2b8e472b4a6bfc5253597ed6d21899887e1fd0ee2b3de792ac4f8459fe2e359d2aa07c216e45fd8b9e4e0688a6ebf48a5a8d
  languageName: node
  linkType: hard

"balanced-match@npm:^1.0.0":
  version: 1.0.2
  resolution: "balanced-match@npm:1.0.2"
  checksum: 9706c088a283058a8a99e0bf91b0a2f75497f185980d9ffa8b304de1d9e58ebda7c72c07ebf01dadedaac5b2907b2c6f566f660d62bd336c3468e960403b9d65
  languageName: node
  linkType: hard

"base64-js@npm:^1.3.1":
  version: 1.5.1
  resolution: "base64-js@npm:1.5.1"
  checksum: 669632eb3745404c2f822a18fc3a0122d2f9a7a13f7fb8b5823ee19d1d2ff9ee5b52c53367176ea4ad093c332fd5ab4bd0ebae5a8e27917a4105a4cfc86b1005
  languageName: node
  linkType: hard

"brace-expansion@npm:^2.0.1":
  version: 2.0.1
  resolution: "brace-expansion@npm:2.0.1"
  dependencies:
    balanced-match: ^1.0.0
  checksum: a61e7cd2e8a8505e9f0036b3b6108ba5e926b4b55089eeb5550cd04a471fe216c96d4fe7e4c7f995c728c554ae20ddfc4244cad10aef255e72b62930afd233d1
  languageName: node
  linkType: hard

"buffer@npm:^6.0.3":
  version: 6.0.3
  resolution: "buffer@npm:6.0.3"
  dependencies:
    base64-js: ^1.3.1
    ieee754: ^1.2.1
  checksum: 5ad23293d9a731e4318e420025800b42bf0d264004c0286c8cc010af7a270c7a0f6522e84f54b9ad65cbd6db20b8badbfd8d2ebf4f80fa03dab093b89e68c3f9
  languageName: node
  linkType: hard

"cache-content-type@npm:^1.0.0":
  version: 1.0.1
  resolution: "cache-content-type@npm:1.0.1"
  dependencies:
    mime-types: ^2.1.18
    ylru: ^1.2.0
  checksum: 18db4d59452669ccbfd7146a1510a37eb28e9eccf18ca7a4eb603dff2edc5cccdca7498fc3042a2978f76f11151fba486eb9eb69d9afa3fb124957870aef4fd3
  languageName: node
  linkType: hard

"co@npm:^4.6.0":
  version: 4.6.0
  resolution: "co@npm:4.6.0"
  checksum: 5210d9223010eb95b29df06a91116f2cf7c8e0748a9013ed853b53f362ea0e822f1e5bb054fb3cefc645239a4cf966af1f6133a3b43f40d591f3b68ed6cf0510
  languageName: node
  linkType: hard

"colorette@npm:^2.0.7":
  version: 2.0.19
  resolution: "colorette@npm:2.0.19"
  checksum: 888cf5493f781e5fcf54ce4d49e9d7d698f96ea2b2ef67906834bb319a392c667f9ec69f4a10e268d2946d13a9503d2d19b3abaaaf174e3451bfe91fb9d82427
  languageName: node
  linkType: hard

"combined-stream@npm:^1.0.8":
  version: 1.0.8
  resolution: "combined-stream@npm:1.0.8"
  dependencies:
    delayed-stream: ~1.0.0
  checksum: 49fa4aeb4916567e33ea81d088f6584749fc90c7abec76fd516bf1c5aa5c79f3584b5ba3de6b86d26ddd64bae5329c4c7479343250cfe71c75bb366eae53bb7c
  languageName: node
  linkType: hard

"content-disposition@npm:~0.5.2":
  version: 0.5.4
  resolution: "content-disposition@npm:0.5.4"
  dependencies:
    safe-buffer: 5.2.1
  checksum: afb9d545e296a5171d7574fcad634b2fdf698875f4006a9dd04a3e1333880c5c0c98d47b560d01216fb6505a54a2ba6a843ee3a02ec86d7e911e8315255f56c3
  languageName: node
  linkType: hard

"content-type@npm:^1.0.4":
  version: 1.0.5
  resolution: "content-type@npm:1.0.5"
  checksum: 566271e0a251642254cde0f845f9dd4f9856e52d988f4eb0d0dcffbb7a1f8ec98de7a5215fc628f3bce30fe2fb6fd2bc064b562d721658c59b544e2d34ea2766
  languageName: node
  linkType: hard

"cookies@npm:~0.8.0":
  version: 0.8.0
  resolution: "cookies@npm:0.8.0"
  dependencies:
    depd: ~2.0.0
    keygrip: ~1.1.0
  checksum: 806055a44f128705265b1bc6a853058da18bf80dea3654ad99be20985b1fa1b14f86c1eef73644aab8071241f8a78acd57202b54c4c5c70769fc694fbb9c4edc
  languageName: node
  linkType: hard

"create-require@npm:^1.1.0":
  version: 1.1.1
  resolution: "create-require@npm:1.1.1"
  checksum: a9a1503d4390d8b59ad86f4607de7870b39cad43d929813599a23714831e81c520bddf61bcdd1f8e30f05fd3a2b71ae8538e946eb2786dc65c2bbc520f692eff
  languageName: node
  linkType: hard

"dateformat@npm:^4.6.3":
  version: 4.6.3
  resolution: "dateformat@npm:4.6.3"
  checksum: c3aa0617c0a5b30595122bc8d1bee6276a9221e4d392087b41cbbdf175d9662ae0e50d0d6dcdf45caeac5153c4b5b0844265f8cd2b2245451e3da19e39e3b65d
  languageName: node
  linkType: hard

"debug@npm:^4.3.2":
  version: 4.3.4
  resolution: "debug@npm:4.3.4"
  dependencies:
    ms: 2.1.2
  peerDependenciesMeta:
    supports-color:
      optional: true
  checksum: 3dbad3f94ea64f34431a9cbf0bafb61853eda57bff2880036153438f50fb5a84f27683ba0d8e5426bf41a8c6ff03879488120cf5b3a761e77953169c0600a708
  languageName: node
  linkType: hard

"deep-equal@npm:~1.0.1":
  version: 1.0.1
  resolution: "deep-equal@npm:1.0.1"
  checksum: 5af8cbfcebf190491878a498caccc7dc9592f8ebd1685b976eacc3825619d222b5e929923163b92c4f414494e2b884f7ebf00c022e8198e8292deb70dd9785f4
  languageName: node
  linkType: hard

"delayed-stream@npm:~1.0.0":
  version: 1.0.0
  resolution: "delayed-stream@npm:1.0.0"
  checksum: 46fe6e83e2cb1d85ba50bd52803c68be9bd953282fa7096f51fc29edd5d67ff84ff753c51966061e5ba7cb5e47ef6d36a91924eddb7f3f3483b1c560f77a0020
  languageName: node
  linkType: hard

"delegates@npm:^1.0.0":
  version: 1.0.0
  resolution: "delegates@npm:1.0.0"
  checksum: a51744d9b53c164ba9c0492471a1a2ffa0b6727451bdc89e31627fdf4adda9d51277cfcbfb20f0a6f08ccb3c436f341df3e92631a3440226d93a8971724771fd
  languageName: node
  linkType: hard

"depd@npm:2.0.0, depd@npm:^2.0.0, depd@npm:~2.0.0":
  version: 2.0.0
  resolution: "depd@npm:2.0.0"
  checksum: abbe19c768c97ee2eed6282d8ce3031126662252c58d711f646921c9623f9052e3e1906443066beec1095832f534e57c523b7333f8e7e0d93051ab6baef5ab3a
  languageName: node
  linkType: hard

"depd@npm:~1.1.2":
  version: 1.1.2
  resolution: "depd@npm:1.1.2"
  checksum: 6b406620d269619852885ce15965272b829df6f409724415e0002c8632ab6a8c0a08ec1f0bd2add05dc7bd7507606f7e2cc034fa24224ab829580040b835ecd9
  languageName: node
  linkType: hard

"destroy@npm:^1.0.4":
  version: 1.2.0
  resolution: "destroy@npm:1.2.0"
  checksum: 0acb300b7478a08b92d810ab229d5afe0d2f4399272045ab22affa0d99dbaf12637659411530a6fcd597a9bdac718fc94373a61a95b4651bbc7b83684a565e38
  languageName: node
  linkType: hard

"diff@npm:^4.0.1":
  version: 4.0.2
  resolution: "diff@npm:4.0.2"
  checksum: f2c09b0ce4e6b301c221addd83bf3f454c0bc00caa3dd837cf6c127d6edf7223aa2bbe3b688feea110b7f262adbfc845b757c44c8a9f8c0c5b15d8fa9ce9d20d
  languageName: node
  linkType: hard

"ee-first@npm:1.1.1":
  version: 1.1.1
  resolution: "ee-first@npm:1.1.1"
  checksum: 1b4cac778d64ce3b582a7e26b218afe07e207a0f9bfe13cc7395a6d307849cfe361e65033c3251e00c27dd060cab43014c2d6b2647676135e18b77d2d05b3f4f
  languageName: node
  linkType: hard

"encodeurl@npm:^1.0.2":
  version: 1.0.2
  resolution: "encodeurl@npm:1.0.2"
  checksum: e50e3d508cdd9c4565ba72d2012e65038e5d71bdc9198cb125beb6237b5b1ade6c0d343998da9e170fb2eae52c1bed37d4d6d98a46ea423a0cddbed5ac3f780c
  languageName: node
  linkType: hard

"end-of-stream@npm:^1.1.0":
  version: 1.4.4
  resolution: "end-of-stream@npm:1.4.4"
  dependencies:
    once: ^1.4.0
  checksum: 530a5a5a1e517e962854a31693dbb5c0b2fc40b46dad2a56a2deec656ca040631124f4795823acc68238147805f8b021abbe221f4afed5ef3c8e8efc2024908b
  languageName: node
  linkType: hard

"escape-html@npm:^1.0.3":
  version: 1.0.3
  resolution: "escape-html@npm:1.0.3"
  checksum: 6213ca9ae00d0ab8bccb6d8d4e0a98e76237b2410302cf7df70aaa6591d509a2a37ce8998008cbecae8fc8ffaadf3fb0229535e6a145f3ce0b211d060decbb24
  languageName: node
  linkType: hard

"event-target-shim@npm:^5.0.0":
  version: 5.0.1
  resolution: "event-target-shim@npm:5.0.1"
  checksum: 1ffe3bb22a6d51bdeb6bf6f7cf97d2ff4a74b017ad12284cc9e6a279e727dc30a5de6bb613e5596ff4dc3e517841339ad09a7eec44266eccb1aa201a30448166
  languageName: node
  linkType: hard

"events@npm:^3.3.0":
  version: 3.3.0
  resolution: "events@npm:3.3.0"
  checksum: f6f487ad2198aa41d878fa31452f1a3c00958f46e9019286ff4787c84aac329332ab45c9cdc8c445928fc6d7ded294b9e005a7fce9426488518017831b272780
  languageName: node
  linkType: hard

"fast-copy@npm:^3.0.0":
  version: 3.0.1
  resolution: "fast-copy@npm:3.0.1"
  checksum: 5496b5cf47df29eea479deef03b6b7188626a2cbc356b3015649062846729de6f1a9f555f937e772da8feae0a1231fab13096ed32424b2d61e4d065abc9969fe
  languageName: node
  linkType: hard

"fast-redact@npm:^3.1.1":
  version: 3.1.2
  resolution: "fast-redact@npm:3.1.2"
  checksum: a30eb6b6830333ab213e0def55f46453ca777544dbd3a883016cb590a0eeb95e6fdf546553c1a13d509896bfba889b789991160a6d0996ceb19fce0a02e8b753
  languageName: node
  linkType: hard

"fast-safe-stringify@npm:^2.1.1":
  version: 2.1.1
  resolution: "fast-safe-stringify@npm:2.1.1"
  checksum: a851cbddc451745662f8f00ddb622d6766f9bd97642dabfd9a405fb0d646d69fc0b9a1243cbf67f5f18a39f40f6fa821737651ff1bceeba06c9992ca2dc5bd3d
  languageName: node
  linkType: hard

"follow-redirects@npm:^1.15.0":
  version: 1.15.2
  resolution: "follow-redirects@npm:1.15.2"
  peerDependenciesMeta:
    debug:
      optional: true
  checksum: faa66059b66358ba65c234c2f2a37fcec029dc22775f35d9ad6abac56003268baf41e55f9ee645957b32c7d9f62baf1f0b906e68267276f54ec4b4c597c2b190
  languageName: node
  linkType: hard

"form-data@npm:^4.0.0":
  version: 4.0.0
  resolution: "form-data@npm:4.0.0"
  dependencies:
    asynckit: ^0.4.0
    combined-stream: ^1.0.8
    mime-types: ^2.1.12
  checksum: 01135bf8675f9d5c61ff18e2e2932f719ca4de964e3be90ef4c36aacfc7b9cb2fceb5eca0b7e0190e3383fe51c5b37f4cb80b62ca06a99aaabfcfd6ac7c9328c
  languageName: node
  linkType: hard

"fresh@npm:~0.5.2":
  version: 0.5.2
  resolution: "fresh@npm:0.5.2"
  checksum: 13ea8b08f91e669a64e3ba3a20eb79d7ca5379a81f1ff7f4310d54e2320645503cc0c78daedc93dfb6191287295f6479544a649c64d8e41a1c0fb0c221552346
  languageName: node
  linkType: hard

"fs.realpath@npm:^1.0.0":
  version: 1.0.0
  resolution: "fs.realpath@npm:1.0.0"
  checksum: 99ddea01a7e75aa276c250a04eedeffe5662bce66c65c07164ad6264f9de18fb21be9433ead460e54cff20e31721c811f4fb5d70591799df5f85dce6d6746fd0
  languageName: node
  linkType: hard

"glob@npm:^8.0.0":
  version: 8.1.0
  resolution: "glob@npm:8.1.0"
  dependencies:
    fs.realpath: ^1.0.0
    inflight: ^1.0.4
    inherits: 2
    minimatch: ^5.0.1
    once: ^1.3.0
  checksum: 92fbea3221a7d12075f26f0227abac435de868dd0736a17170663783296d0dd8d3d532a5672b4488a439bf5d7fb85cdd07c11185d6cd39184f0385cbdfb86a47
  languageName: node
  linkType: hard

"has-symbols@npm:^1.0.2":
  version: 1.0.3
  resolution: "has-symbols@npm:1.0.3"
  checksum: a054c40c631c0d5741a8285010a0777ea0c068f99ed43e5d6eb12972da223f8af553a455132fdb0801bdcfa0e0f443c0c03a68d8555aa529b3144b446c3f2410
  languageName: node
  linkType: hard

"has-tostringtag@npm:^1.0.0":
  version: 1.0.0
  resolution: "has-tostringtag@npm:1.0.0"
  dependencies:
    has-symbols: ^1.0.2
  checksum: cc12eb28cb6ae22369ebaad3a8ab0799ed61270991be88f208d508076a1e99abe4198c965935ce85ea90b60c94ddda73693b0920b58e7ead048b4a391b502c1c
  languageName: node
  linkType: hard

"help-me@npm:^4.0.1":
  version: 4.2.0
  resolution: "help-me@npm:4.2.0"
  dependencies:
    glob: ^8.0.0
    readable-stream: ^3.6.0
  checksum: 6548acba10dd79ebfc93f0d739c4cb2f32f7932c8d87b091992f3a0f844706263415eab81be015aed4ab874154232beb666920d7e280502c6bba29a40cde343e
  languageName: node
  linkType: hard

"http-assert@npm:^1.3.0":
  version: 1.5.0
  resolution: "http-assert@npm:1.5.0"
  dependencies:
    deep-equal: ~1.0.1
    http-errors: ~1.8.0
  checksum: 69c9b3c14cf8b2822916360a365089ce936c883c49068f91c365eccba5c141a9964d19fdda589150a480013bf503bf37d8936c732e9635819339e730ab0e7527
  languageName: node
  linkType: hard

"http-errors@npm:^1.6.3, http-errors@npm:~1.8.0":
  version: 1.8.1
  resolution: "http-errors@npm:1.8.1"
  dependencies:
    depd: ~1.1.2
    inherits: 2.0.4
    setprototypeof: 1.2.0
    statuses: ">= 1.5.0 < 2"
    toidentifier: 1.0.1
  checksum: d3c7e7e776fd51c0a812baff570bdf06fe49a5dc448b700ab6171b1250e4cf7db8b8f4c0b133e4bfe2451022a5790c1ca6c2cae4094dedd6ac8304a1267f91d2
  languageName: node
  linkType: hard

"http-errors@npm:^2.0.0":
  version: 2.0.0
  resolution: "http-errors@npm:2.0.0"
  dependencies:
    depd: 2.0.0
    inherits: 2.0.4
    setprototypeof: 1.2.0
    statuses: 2.0.1
    toidentifier: 1.0.1
  checksum: 9b0a3782665c52ce9dc658a0d1560bcb0214ba5699e4ea15aefb2a496e2ca83db03ebc42e1cce4ac1f413e4e0d2d736a3fd755772c556a9a06853ba2a0b7d920
  languageName: node
  linkType: hard

"ieee754@npm:^1.2.1":
  version: 1.2.1
  resolution: "ieee754@npm:1.2.1"
  checksum: 5144c0c9815e54ada181d80a0b810221a253562422e7c6c3a60b1901154184f49326ec239d618c416c1c5945a2e197107aee8d986a3dd836b53dffefd99b5e7e
  languageName: node
  linkType: hard

"inflight@npm:^1.0.4":
  version: 1.0.6
  resolution: "inflight@npm:1.0.6"
  dependencies:
    once: ^1.3.0
    wrappy: 1
  checksum: f4f76aa072ce19fae87ce1ef7d221e709afb59d445e05d47fba710e85470923a75de35bfae47da6de1b18afc3ce83d70facf44cfb0aff89f0a3f45c0a0244dfd
  languageName: node
  linkType: hard

"inherits@npm:2, inherits@npm:2.0.4, inherits@npm:^2.0.3":
  version: 2.0.4
  resolution: "inherits@npm:2.0.4"
  checksum: 4a48a733847879d6cf6691860a6b1e3f0f4754176e4d71494c41f3475553768b10f84b5ce1d40fbd0e34e6bfbb864ee35858ad4dd2cf31e02fc4a154b724d7f1
  languageName: node
  linkType: hard

"is-generator-function@npm:^1.0.7":
  version: 1.0.10
  resolution: "is-generator-function@npm:1.0.10"
  dependencies:
    has-tostringtag: ^1.0.0
  checksum: d54644e7dbaccef15ceb1e5d91d680eb5068c9ee9f9eb0a9e04173eb5542c9b51b5ab52c5537f5703e48d5fddfd376817c1ca07a84a407b7115b769d4bdde72b
  languageName: node
  linkType: hard

"joycon@npm:^3.1.1":
  version: 3.1.1
  resolution: "joycon@npm:3.1.1"
  checksum: 8003c9c3fc79c5c7602b1c7e9f7a2df2e9916f046b0dbad862aa589be78c15734d11beb9fe846f5e06138df22cb2ad29961b6a986ba81c4920ce2b15a7f11067
  languageName: node
  linkType: hard

"keygrip@npm:~1.1.0":
  version: 1.1.0
  resolution: "keygrip@npm:1.1.0"
  dependencies:
    tsscmp: 1.0.6
  checksum: 078cd16a463d187121f0a27c1c9c95c52ad392b620f823431689f345a0501132cee60f6e96914b07d570105af470b96960402accd6c48a0b1f3cd8fac4fa2cae
  languageName: node
  linkType: hard

"koa-compose@npm:^4.1.0":
  version: 4.1.0
  resolution: "koa-compose@npm:4.1.0"
  checksum: 46cb16792d96425e977c2ae4e5cb04930280740e907242ec9c25e3fb8b4a1d7b54451d7432bc24f40ec62255edea71894d2ceeb8238501842b4e48014f2e83db
  languageName: node
  linkType: hard

"koa-convert@npm:^2.0.0":
  version: 2.0.0
  resolution: "koa-convert@npm:2.0.0"
  dependencies:
    co: ^4.6.0
    koa-compose: ^4.1.0
  checksum: 7385b3391995f59c1312142e110d5dff677f9850dbfbcf387cd36a7b0af03b5d26e82b811eb9bb008b4f3e661cdab1f8817596e46b1929da2cf6e97a2f7456ed
  languageName: node
  linkType: hard

"koa@npm:^2.14.1":
  version: 2.14.1
  resolution: "koa@npm:2.14.1"
  dependencies:
    accepts: ^1.3.5
    cache-content-type: ^1.0.0
    content-disposition: ~0.5.2
    content-type: ^1.0.4
    cookies: ~0.8.0
    debug: ^4.3.2
    delegates: ^1.0.0
    depd: ^2.0.0
    destroy: ^1.0.4
    encodeurl: ^1.0.2
    escape-html: ^1.0.3
    fresh: ~0.5.2
    http-assert: ^1.3.0
    http-errors: ^1.6.3
    is-generator-function: ^1.0.7
    koa-compose: ^4.1.0
    koa-convert: ^2.0.0
    on-finished: ^2.3.0
    only: ~0.0.2
    parseurl: ^1.3.2
    statuses: ^1.5.0
    type-is: ^1.6.16
    vary: ^1.1.2
  checksum: 84cfce48d72cf434831bd9f4f06beb3815da030325a7e89b13ee684f5afd158221e16c2d450ca637b221aa0c4a0ab235edd129e4efea656dc5d8384801d3e90f
  languageName: node
  linkType: hard

"make-error@npm:^1.1.1":
  version: 1.3.6
  resolution: "make-error@npm:1.3.6"
  checksum: b86e5e0e25f7f777b77fabd8e2cbf15737972869d852a22b7e73c17623928fccb826d8e46b9951501d3f20e51ad74ba8c59ed584f610526a48f8ccf88aaec402
  languageName: node
  linkType: hard

"media-typer@npm:0.3.0":
  version: 0.3.0
  resolution: "media-typer@npm:0.3.0"
  checksum: af1b38516c28ec95d6b0826f6c8f276c58aec391f76be42aa07646b4e39d317723e869700933ca6995b056db4b09a78c92d5440dc23657e6764be5d28874bba1
  languageName: node
  linkType: hard

"methods@npm:^1.1.2":
  version: 1.1.2
  resolution: "methods@npm:1.1.2"
  checksum: 0917ff4041fa8e2f2fda5425a955fe16ca411591fbd123c0d722fcf02b73971ed6f764d85f0a6f547ce49ee0221ce2c19a5fa692157931cecb422984f1dcd13a
  languageName: node
  linkType: hard

"mime-db@npm:1.52.0":
  version: 1.52.0
  resolution: "mime-db@npm:1.52.0"
  checksum: 0d99a03585f8b39d68182803b12ac601d9c01abfa28ec56204fa330bc9f3d1c5e14beb049bafadb3dbdf646dfb94b87e24d4ec7b31b7279ef906a8ea9b6a513f
  languageName: node
  linkType: hard

"mime-types@npm:^2.1.12, mime-types@npm:^2.1.18, mime-types@npm:~2.1.24, mime-types@npm:~2.1.34":
  version: 2.1.35
  resolution: "mime-types@npm:2.1.35"
  dependencies:
    mime-db: 1.52.0
  checksum: 89a5b7f1def9f3af5dad6496c5ed50191ae4331cc5389d7c521c8ad28d5fdad2d06fd81baf38fed813dc4e46bb55c8145bb0ff406330818c9cf712fb2e9b3836
  languageName: node
  linkType: hard

"minimatch@npm:^5.0.1":
  version: 5.1.6
  resolution: "minimatch@npm:5.1.6"
  dependencies:
    brace-expansion: ^2.0.1
  checksum: 7564208ef81d7065a370f788d337cd80a689e981042cb9a1d0e6580b6c6a8c9279eba80010516e258835a988363f99f54a6f711a315089b8b42694f5da9d0d77
  languageName: node
  linkType: hard

"minimist@npm:^1.2.6":
  version: 1.2.8
  resolution: "minimist@npm:1.2.8"
  checksum: 75a6d645fb122dad29c06a7597bddea977258957ed88d7a6df59b5cd3fe4a527e253e9bbf2e783e4b73657f9098b96a5fe96ab8a113655d4109108577ecf85b0
  languageName: node
  linkType: hard

"ms@npm:2.1.2":
  version: 2.1.2
  resolution: "ms@npm:2.1.2"
  checksum: 673cdb2c3133eb050c745908d8ce632ed2c02d85640e2edb3ace856a2266a813b30c613569bf3354fdf4ea7d1a1494add3bfa95e2713baa27d0c2c71fc44f58f
  languageName: node
  linkType: hard

"negotiator@npm:0.6.3":
  version: 0.6.3
  resolution: "negotiator@npm:0.6.3"
  checksum: b8ffeb1e262eff7968fc90a2b6767b04cfd9842582a9d0ece0af7049537266e7b2506dfb1d107a32f06dd849ab2aea834d5830f7f4d0e5cb7d36e1ae55d021d9
  languageName: node
  linkType: hard

"on-exit-leak-free@npm:^2.1.0":
  version: 2.1.0
  resolution: "on-exit-leak-free@npm:2.1.0"
  checksum: 7334d98b87b0c89c9b69c747760b21196ff35afdedc4eaf1a0a3a02964463d7f6802481b120e4c8298967c74773ca7b914ab2eb3d9b279010eb7f67ac4960eed
  languageName: node
  linkType: hard

"on-finished@npm:^2.3.0":
  version: 2.4.1
  resolution: "on-finished@npm:2.4.1"
  dependencies:
    ee-first: 1.1.1
  checksum: d20929a25e7f0bb62f937a425b5edeb4e4cde0540d77ba146ec9357f00b0d497cdb3b9b05b9c8e46222407d1548d08166bff69cc56dfa55ba0e4469228920ff0
  languageName: node
  linkType: hard

"once@npm:^1.3.0, once@npm:^1.3.1, once@npm:^1.4.0":
  version: 1.4.0
  resolution: "once@npm:1.4.0"
  dependencies:
    wrappy: 1
  checksum: cd0a88501333edd640d95f0d2700fbde6bff20b3d4d9bdc521bdd31af0656b5706570d6c6afe532045a20bb8dc0849f8332d6f2a416e0ba6d3d3b98806c7db68
  languageName: node
  linkType: hard

"only@npm:~0.0.2":
  version: 0.0.2
  resolution: "only@npm:0.0.2"
  checksum: d399710db867a1ef436dd3ce74499c87ece794aa81ab0370b5d153968766ee4aed2f98d3f92fc87c963e45b7a74d400d6f463ef651a5e7cfb861b15e88e9efe6
  languageName: node
  linkType: hard

"parseurl@npm:^1.3.2":
  version: 1.3.3
  resolution: "parseurl@npm:1.3.3"
  checksum: 407cee8e0a3a4c5cd472559bca8b6a45b82c124e9a4703302326e9ab60fc1081442ada4e02628efef1eb16197ddc7f8822f5a91fd7d7c86b51f530aedb17dfa2
  languageName: node
  linkType: hard

"path-to-regexp@npm:^6.2.1":
  version: 6.2.1
  resolution: "path-to-regexp@npm:6.2.1"
  checksum: f0227af8284ea13300f4293ba111e3635142f976d4197f14d5ad1f124aebd9118783dd2e5f1fe16f7273743cc3dbeddfb7493f237bb27c10fdae07020cc9b698
  languageName: node
  linkType: hard

"pino-abstract-transport@npm:^1.0.0, pino-abstract-transport@npm:v1.0.0":
  version: 1.0.0
  resolution: "pino-abstract-transport@npm:1.0.0"
  dependencies:
    readable-stream: ^4.0.0
    split2: ^4.0.0
  checksum: 05dd0eda52dd99fd204b39fe7b62656744b63e863bc052cdd5105d25f226a236966d0a46e39a1ace4838f6e988c608837ff946d2d0bc92835ca7baa0a3bff8d8
  languageName: node
  linkType: hard

"pino-pretty@npm:^9.3.0":
  version: 9.3.0
  resolution: "pino-pretty@npm:9.3.0"
  dependencies:
    colorette: ^2.0.7
    dateformat: ^4.6.3
    fast-copy: ^3.0.0
    fast-safe-stringify: ^2.1.1
    help-me: ^4.0.1
    joycon: ^3.1.1
    minimist: ^1.2.6
    on-exit-leak-free: ^2.1.0
    pino-abstract-transport: ^1.0.0
    pump: ^3.0.0
    readable-stream: ^4.0.0
    secure-json-parse: ^2.4.0
    sonic-boom: ^3.0.0
    strip-json-comments: ^3.1.1
  bin:
    pino-pretty: bin.js
  checksum: 52daee67a36ad6e025f6504adc350b517131ff00838806f08da9dcce295d426d7fc657c92095bc0617e9ff54a8038817130f4cf90be0e86d6dc441c77a6563c9
  languageName: node
  linkType: hard

"pino-std-serializers@npm:^6.0.0":
  version: 6.1.0
  resolution: "pino-std-serializers@npm:6.1.0"
  checksum: 5e42327c242b67c1a38fe7be1b64c5f655aa7116b159899f09f3ef057302055a23c99c54590e18da4b6b76557487e3b9478a89889cea8cbd3e0cc16c3dc154a5
  languageName: node
  linkType: hard

"pino@npm:^8.11.0":
  version: 8.11.0
  resolution: "pino@npm:8.11.0"
  dependencies:
    atomic-sleep: ^1.0.0
    fast-redact: ^3.1.1
    on-exit-leak-free: ^2.1.0
    pino-abstract-transport: v1.0.0
    pino-std-serializers: ^6.0.0
    process-warning: ^2.0.0
    quick-format-unescaped: ^4.0.3
    real-require: ^0.2.0
    safe-stable-stringify: ^2.3.1
    sonic-boom: ^3.1.0
    thread-stream: ^2.0.0
  bin:
    pino: bin.js
  checksum: 1bcc2b9b448ec9ccef4ea189d5db7d1e0e085f6cd4d7395d087998d90186850ab176edf32a179562337a557aa51eb551ff6318a40af7cdb5963b168f87d35aa8
  languageName: node
  linkType: hard

"process-warning@npm:^2.0.0":
  version: 2.1.0
  resolution: "process-warning@npm:2.1.0"
  checksum: 2f22a3b8ec0de018c3a35e5945a2261c006aa3dfecf3d4f7aa323bc57e4fcdedfd566003283708547fde666d3ab7097d70f8d9765cd831d300723e4008adb7ab
  languageName: node
  linkType: hard

"process@npm:^0.11.10":
  version: 0.11.10
  resolution: "process@npm:0.11.10"
  checksum: bfcce49814f7d172a6e6a14d5fa3ac92cc3d0c3b9feb1279774708a719e19acd673995226351a082a9ae99978254e320ccda4240ddc474ba31a76c79491ca7c3
  languageName: node
  linkType: hard

"proxy-from-env@npm:^1.1.0":
  version: 1.1.0
  resolution: "proxy-from-env@npm:1.1.0"
  checksum: ed7fcc2ba0a33404958e34d95d18638249a68c430e30fcb6c478497d72739ba64ce9810a24f53a7d921d0c065e5b78e3822759800698167256b04659366ca4d4
  languageName: node
  linkType: hard

"pump@npm:^3.0.0":
  version: 3.0.0
  resolution: "pump@npm:3.0.0"
  dependencies:
    end-of-stream: ^1.1.0
    once: ^1.3.1
  checksum: e42e9229fba14732593a718b04cb5e1cfef8254544870997e0ecd9732b189a48e1256e4e5478148ecb47c8511dca2b09eae56b4d0aad8009e6fac8072923cfc9
  languageName: node
  linkType: hard

"quick-format-unescaped@npm:^4.0.3":
  version: 4.0.4
  resolution: "quick-format-unescaped@npm:4.0.4"
  checksum: 7bc32b99354a1aa46c089d2a82b63489961002bb1d654cee3e6d2d8778197b68c2d854fd23d8422436ee1fdfd0abaddc4d4da120afe700ade68bd357815b26fd
  languageName: node
  linkType: hard

"readable-stream@npm:^3.6.0":
  version: 3.6.0
  resolution: "readable-stream@npm:3.6.0"
  dependencies:
    inherits: ^2.0.3
    string_decoder: ^1.1.1
    util-deprecate: ^1.0.1
  checksum: d4ea81502d3799439bb955a3a5d1d808592cf3133350ed352aeaa499647858b27b1c4013984900238b0873ec8d0d8defce72469fb7a83e61d53f5ad61cb80dc8
  languageName: node
  linkType: hard

"readable-stream@npm:^4.0.0":
  version: 4.3.0
  resolution: "readable-stream@npm:4.3.0"
  dependencies:
    abort-controller: ^3.0.0
    buffer: ^6.0.3
    events: ^3.3.0
    process: ^0.11.10
  checksum: 5f8d5fc1eb0c6eb47771ad4537881126d6280666e1f10ba1e2262a670a0352c36f59e6a04d17c9a6f7c888218984836dc67f55e95a77de8bfdf06fb75f00f670
  languageName: node
  linkType: hard

"real-require@npm:^0.2.0":
  version: 0.2.0
  resolution: "real-require@npm:0.2.0"
  checksum: fa060f19f2f447adf678d1376928c76379dce5f72bd334da301685ca6cdcb7b11356813332cc243c88470796bc2e2b1e2917fc10df9143dd93c2ea608694971d
  languageName: node
  linkType: hard

"safe-buffer@npm:5.2.1, safe-buffer@npm:~5.2.0":
  version: 5.2.1
  resolution: "safe-buffer@npm:5.2.1"
  checksum: b99c4b41fdd67a6aaf280fcd05e9ffb0813654894223afb78a31f14a19ad220bba8aba1cb14eddce1fcfb037155fe6de4e861784eb434f7d11ed58d1e70dd491
  languageName: node
  linkType: hard

"safe-stable-stringify@npm:^2.3.1":
  version: 2.4.2
  resolution: "safe-stable-stringify@npm:2.4.2"
  checksum: 0324ba2e40f78cae63e31a02b1c9bdf1b786621f9e8760845608eb9e81aef401944ac2078e5c9c1533cf516aea34d08fa8052ca853637ced84b791caaf1e394e
  languageName: node
  linkType: hard

"secure-json-parse@npm:^2.4.0":
  version: 2.7.0
  resolution: "secure-json-parse@npm:2.7.0"
  checksum: d9d7d5a01fc6db6115744ba23cf9e67ecfe8c524d771537c062ee05ad5c11b64c730bc58c7f33f60bd6877f96b86f0ceb9ea29644e4040cb757f6912d4dd6737
  languageName: node
  linkType: hard

"setprototypeof@npm:1.2.0":
  version: 1.2.0
  resolution: "setprototypeof@npm:1.2.0"
  checksum: be18cbbf70e7d8097c97f713a2e76edf84e87299b40d085c6bf8b65314e994cc15e2e317727342fa6996e38e1f52c59720b53fe621e2eb593a6847bf0356db89
  languageName: node
  linkType: hard

"sonic-boom@npm:^3.0.0, sonic-boom@npm:^3.1.0":
  version: 3.2.1
  resolution: "sonic-boom@npm:3.2.1"
  dependencies:
    atomic-sleep: ^1.0.0
  checksum: 674d0af31c67818c99a0956482720b853bdaa6e46a63814db9fd28024580836a4cfdafa2c2ba6b0ec08449e9a92a5e7959530689b2c1fb5c83f786708cd7a7da
  languageName: node
  linkType: hard

"split2@npm:^4.0.0":
  version: 4.1.0
  resolution: "split2@npm:4.1.0"
  checksum: ec581597cb74c13cdfb5e2047543dd40cb1e8e9803c7b1e0c29ede05f2b4f049b2d6e7f2788a225d544549375719658b8f38e9366364dec35dc7a12edfda5ee5
  languageName: node
  linkType: hard

"statuses@npm:2.0.1":
  version: 2.0.1
  resolution: "statuses@npm:2.0.1"
  checksum: 18c7623fdb8f646fb213ca4051be4df7efb3484d4ab662937ca6fbef7ced9b9e12842709872eb3020cc3504b93bde88935c9f6417489627a7786f24f8031cbcb
  languageName: node
  linkType: hard

"statuses@npm:>= 1.5.0 < 2, statuses@npm:^1.5.0":
  version: 1.5.0
  resolution: "statuses@npm:1.5.0"
  checksum: c469b9519de16a4bb19600205cffb39ee471a5f17b82589757ca7bd40a8d92ebb6ed9f98b5a540c5d302ccbc78f15dc03cc0280dd6e00df1335568a5d5758a5c
  languageName: node
  linkType: hard

"string_decoder@npm:^1.1.1":
  version: 1.3.0
  resolution: "string_decoder@npm:1.3.0"
  dependencies:
    safe-buffer: ~5.2.0
  checksum: 8417646695a66e73aefc4420eb3b84cc9ffd89572861fe004e6aeb13c7bc00e2f616247505d2dbbef24247c372f70268f594af7126f43548565c68c117bdeb56
  languageName: node
  linkType: hard

"strip-bom@npm:^3.0.0":
  version: 3.0.0
  resolution: "strip-bom@npm:3.0.0"
  checksum: 8d50ff27b7ebe5ecc78f1fe1e00fcdff7af014e73cf724b46fb81ef889eeb1015fc5184b64e81a2efe002180f3ba431bdd77e300da5c6685d702780fbf0c8d5b
  languageName: node
  linkType: hard

"strip-json-comments@npm:^2.0.0":
  version: 2.0.1
  resolution: "strip-json-comments@npm:2.0.1"
  checksum: 1074ccb63270d32ca28edfb0a281c96b94dc679077828135141f27d52a5a398ef5e78bcf22809d23cadc2b81dfbe345eb5fd8699b385c8b1128907dec4a7d1e1
  languageName: node
  linkType: hard

"strip-json-comments@npm:^3.1.1":
  version: 3.1.1
  resolution: "strip-json-comments@npm:3.1.1"
  checksum: 492f73e27268f9b1c122733f28ecb0e7e8d8a531a6662efbd08e22cccb3f9475e90a1b82cab06a392f6afae6d2de636f977e231296400d0ec5304ba70f166443
  languageName: node
  linkType: hard

"thread-stream@npm:^2.0.0":
  version: 2.3.0
  resolution: "thread-stream@npm:2.3.0"
  dependencies:
    real-require: ^0.2.0
  checksum: e9ea58f9f36320165b41c2aae5c439bf68bd3575eb533c458483d8b290e31d519979e351408c7d6e248711611434332c2a3aae2165650b028cc3eb9b1052ac16
  languageName: node
  linkType: hard

"toidentifier@npm:1.0.1":
  version: 1.0.1
  resolution: "toidentifier@npm:1.0.1"
  checksum: 952c29e2a85d7123239b5cfdd889a0dde47ab0497f0913d70588f19c53f7e0b5327c95f4651e413c74b785147f9637b17410ac8c846d5d4a20a5a33eb6dc3a45
  languageName: node
  linkType: hard

"ts-node@npm:^10.9.1":
  version: 10.9.1
  resolution: "ts-node@npm:10.9.1"
  dependencies:
    "@cspotcode/source-map-support": ^0.8.0
    "@tsconfig/node10": ^1.0.7
    "@tsconfig/node12": ^1.0.7
    "@tsconfig/node14": ^1.0.0
    "@tsconfig/node16": ^1.0.2
    acorn: ^8.4.1
    acorn-walk: ^8.1.1
    arg: ^4.1.0
    create-require: ^1.1.0
    diff: ^4.0.1
    make-error: ^1.1.1
    v8-compile-cache-lib: ^3.0.1
    yn: 3.1.1
  peerDependencies:
    "@swc/core": ">=1.2.50"
    "@swc/wasm": ">=1.2.50"
    "@types/node": "*"
    typescript: ">=2.7"
  peerDependenciesMeta:
    "@swc/core":
      optional: true
    "@swc/wasm":
      optional: true
  bin:
    ts-node: dist/bin.js
    ts-node-cwd: dist/bin-cwd.js
    ts-node-esm: dist/bin-esm.js
    ts-node-script: dist/bin-script.js
    ts-node-transpile-only: dist/bin-transpile.js
    ts-script: dist/bin-script-deprecated.js
  checksum: 090adff1302ab20bd3486e6b4799e90f97726ed39e02b39e566f8ab674fd5bd5f727f43615debbfc580d33c6d9d1c6b1b3ce7d8e3cca3e20530a145ffa232c35
  languageName: node
  linkType: hard

"tsconfig@npm:^7.0.0":
  version: 7.0.0
  resolution: "tsconfig@npm:7.0.0"
  dependencies:
    "@types/strip-bom": ^3.0.0
    "@types/strip-json-comments": 0.0.30
    strip-bom: ^3.0.0
    strip-json-comments: ^2.0.0
  checksum: 8bce05e93c673defd56d93d83d4055e49651d3947c076339c4bc15d47b7eb5029bed194087e568764213a2e4bf45c477ba9f4da16adfd92cd901af7c09e4517e
  languageName: node
  linkType: hard

"tsscmp@npm:1.0.6":
  version: 1.0.6
  resolution: "tsscmp@npm:1.0.6"
  checksum: 1512384def36bccc9125cabbd4c3b0e68608d7ee08127ceaa0b84a71797263f1a01c7f82fa69be8a3bd3c1396e2965d2f7b52d581d3a5eeaf3967fbc52e3b3bf
  languageName: node
  linkType: hard

"type-is@npm:^1.6.16":
  version: 1.6.18
  resolution: "type-is@npm:1.6.18"
  dependencies:
    media-typer: 0.3.0
    mime-types: ~2.1.24
  checksum: 2c8e47675d55f8b4e404bcf529abdf5036c537a04c2b20177bcf78c9e3c1da69da3942b1346e6edb09e823228c0ee656ef0e033765ec39a70d496ef601a0c657
  languageName: node
  linkType: hard

"typescript@npm:^4.9.5":
  version: 4.9.5
  resolution: "typescript@npm:4.9.5"
  bin:
    tsc: bin/tsc
    tsserver: bin/tsserver
  checksum: ee000bc26848147ad423b581bd250075662a354d84f0e06eb76d3b892328d8d4440b7487b5a83e851b12b255f55d71835b008a66cbf8f255a11e4400159237db
  languageName: node
  linkType: hard

"typescript@patch:typescript@^4.9.5#~builtin<compat/typescript>":
  version: 4.9.5
  resolution: "typescript@patch:typescript@npm%3A4.9.5#~builtin<compat/typescript>::version=4.9.5&hash=493e53"
  bin:
    tsc: bin/tsc
    tsserver: bin/tsserver
  checksum: 2eee5c37cad4390385db5db5a8e81470e42e8f1401b0358d7390095d6f681b410f2c4a0c496c6ff9ebd775423c7785cdace7bcdad76c7bee283df3d9718c0f20
  languageName: node
  linkType: hard

"util-deprecate@npm:^1.0.1":
  version: 1.0.2
  resolution: "util-deprecate@npm:1.0.2"
  checksum: 474acf1146cb2701fe3b074892217553dfcf9a031280919ba1b8d651a068c9b15d863b7303cb15bd00a862b498e6cf4ad7b4a08fb134edd5a6f7641681cb54a2
  languageName: node
  linkType: hard

"v8-compile-cache-lib@npm:^3.0.1":
  version: 3.0.1
  resolution: "v8-compile-cache-lib@npm:3.0.1"
  checksum: 78089ad549e21bcdbfca10c08850022b22024cdcc2da9b168bcf5a73a6ed7bf01a9cebb9eac28e03cd23a684d81e0502797e88f3ccd27a32aeab1cfc44c39da0
  languageName: node
  linkType: hard

"vary@npm:^1.1.2":
  version: 1.1.2
  resolution: "vary@npm:1.1.2"
  checksum: ae0123222c6df65b437669d63dfa8c36cee20a504101b2fcd97b8bf76f91259c17f9f2b4d70a1e3c6bbcee7f51b28392833adb6b2770b23b01abec84e369660b
  languageName: node
  linkType: hard

"workspaces@npm:^0.1.0":
  version: 0.1.0
  resolution: "workspaces@npm:0.1.0"
  bin:
    workspaces: bin/workspaces
  checksum: 79a00c0425c68d4adedfa62ee7f93b8700a55661b640ac06746a33ca9d176eca4c149a5fe08d260c07139745f264eda8e11dd5e038f9c401fbdafb0afcdafe86
  languageName: node
  linkType: hard

"wrappy@npm:1":
  version: 1.0.2
  resolution: "wrappy@npm:1.0.2"
  checksum: 159da4805f7e84a3d003d8841557196034155008f817172d4e986bd591f74aa82aa7db55929a54222309e01079a65a92a9e6414da5a6aa4b01ee44a511ac3ee5
  languageName: node
  linkType: hard

"yarn-workspace-example@workspace:yarn-workspace-example":
  version: 0.0.0-use.local
  resolution: "yarn-workspace-example@workspace:yarn-workspace-example"
  dependencies:
    "@types/koa": ^2.13.5
    axios: 1.5.1
    koa: ^2.14.1
    ts-node: ^10.9.1
    typescript: ^4.9.5
  languageName: unknown
  linkType: soft

"yarn-workspace-exanoke@workspace:.":
  version: 0.0.0-use.local
  resolution: "yarn-workspace-exanoke@workspace:."
  dependencies:
    workspaces: ^0.1.0
  languageName: unknown
  linkType: soft

"yarn-workspace-git-submodule-example@workspace:yarn-workspace-git-submodule-example":
  version: 0.0.0-use.local
  resolution: "yarn-workspace-git-submodule-example@workspace:yarn-workspace-git-submodule-example"
  dependencies:
    "@koa/router": ^12.0.0
    "@types/koa__router": ^12.0.0
    pino: ^8.11.0
    pino-pretty: ^9.3.0
    tsconfig: ^7.0.0
  languageName: unknown
  linkType: soft

"ylru@npm:^1.2.0":
  version: 1.3.2
  resolution: "ylru@npm:1.3.2"
  checksum: b6bb3931144424114f2350c072cfeb180f205add93509c605ae025cbed8059846f8a5767655feeeab890d288b5b4c4b36f5d5d867ee4e6946c16bcc7ec3ddaee
  languageName: node
  linkType: hard

"yn@npm:3.1.1":
  version: 3.1.1
  resolution: "yn@npm:3.1.1"
  checksum: 2c487b0e149e746ef48cda9f8bad10fc83693cd69d7f9dcd8be4214e985de33a29c9e24f3c0d6bcf2288427040a8947406ab27f7af67ee9456e6b84854f02dd6
  languageName: node
  linkType: hard
