GIT
  remote: https://github.com/gocardless/prius
  revision: cff701b3bfb182afc99a85657d7c9f3d6c1ccce2
  specs:
    prius (1.0.0)

PATH
  remote: plugins/example
  specs:
    example (0.9.3)
      bundler (>= 1.12.0)
      excon (~> 0.55)
      gemnasium-parser (~> 0.1)
      gems (~> 1.0)
      gitlab (~> 4.1)
      octokit (~> 4.6)

GEM
  remote: https://rubygems.org/
  specs:
    addressable (2.5.1)
      public_suffix (~> 2.0, >= 2.0.2)
    business (1.4.0)
    excon (0.57.1)
    faraday (0.12.1)
      multipart-post (>= 1.2, < 3)
    gemnasium-parser (0.1.9)
    gems (1.0.0)
      json
    gitlab (4.1.0)
      httparty
      terminal-table
    httparty (0.15.5)
      multi_xml (>= 0.5.2)
    json (2.1.0)
    multi_xml (0.6.0)
    multipart-post (2.0.0)
    octokit (4.7.0)
      sawyer (~> 0.8.0, >= 0.5.3)
    public_suffix (2.0.5)
    sawyer (0.8.1)
      addressable (>= 2.3.5, < 2.6)
      faraday (~> 0.8, < 1.0)
    statesman (1.2.5)
    terminal-table (1.8.0)
      unicode-display_width (~> 1.1, >= 1.1.1)
    unicode-display_width (1.3.0)

PLATFORMS
  ruby

DEPENDENCIES
  business (~> 1.4.0)
  example!
  prius!
  statesman (~> 1.2.0)

BUNDLED WITH
   1.15.1
