# THIS IS AN AUTOGENERATED FILE. DO NOT EDIT THIS FILE DIRECTLY.
# yarn lockfile v1


abind@^1.0.0:
  version "1.0.5"
  resolved "https://registry.yarnpkg.com/abind/-/abind-1.0.5.tgz#9fa11e51ebf0fe8a60a316b28a2a85a0bc08495e"
  integrity sha512-dbaEZphdPje0ihqSdWg36Sb8S20TuqQomiz2593oIx+enQ9Q4vDZRjIzhnkWltGRKVKqC28kTribkgRLBexWVQ==

abind@^1.0.4:
  version "1.0.5"
  resolved "https://registry.yarnpkg.com/abind/-/abind-1.0.5.tgz#9fa11e51ebf0fe8a60a316b28a2a85a0bc08495e"
  integrity sha512-dbaEZphdPje0ihqSdWg36Sb8S20TuqQomiz2593oIx+enQ9Q4vDZRjIzhnkWltGRKVKqC28kTribkgRLBexWVQ==

objnest@^4.1.2:
  version "4.1.4"
  resolved "https://registry.yarnpkg.com/objnest/-/objnest-4.1.4.tgz#4a03b9a366a6d738165ae4938e1cdec6bb02b89f"
  integrity sha512-8IpltsOlYtRHpiisBVx6xYkHTScU0EGHSk1tTopjUbm4RfSmMbDVkaclIs6K+Z8hFod9CxDmshDEdTs9CiUfbg==
  dependencies:
    abind "^1.0.0"

"objnest-alias@npm:objnest@^4.1.2":
  version "4.1.2"
  resolved "https://registry.yarnpkg.com/objnest/-/objnest-4.1.2.tgz#0000000000000000000000000000000000000000"
  integrity sha512-0000000000000000000000000000000000000000000000000000000000000000000000000000000000000000q==
  dependencies:
    abind "^1.0.4"
