# This file is generated by running "yarn install" inside your project.
# Manual changes might be lost - proceed with caution!

__metadata:
  version: 8
  cacheKey: 10c0

"abind@npm:^1.0.0":
  version: 1.0.5
  resolution: "abind@npm:1.0.5"
  checksum: 10c0/1111
  languageName: node
  linkType: hard

"local-pkg@file:../vendor/pkg,patched":
  version: 1.0.0
  resolution: "local-pkg@file:../vendor/pkg,patched"
  dependencies:
    abind: "npm:^1.0.0"
  languageName: node
  linkType: hard
