github.com/Masterminds/vcs v1.13.3 h1:IIA2aBdXvfbIM+yl/eTnL4hb1XwdpvuQLglAix1gweE=
github.com/Masterminds/vcs v1.13.3/go.mod h1:TiE7xuEjl1N4j016moRd6vezp6e6Lz23gypeXfzXeW8=
golang.org/x/mod v0.34.0 h1:xIHgNUUnW6sYkcM5Jleh05DvLOtwc6RitGHbDk4akRI=
golang.org/x/mod v0.34.0/go.mod h1:ykgH52iCZe79kzLLMhyCUzhMci+nQj+0XkbXpNYtVjY=
