# This file is autogenerated, do not edit; changes may be undone by the next 'dep ensure'.


[[projects]]
  digest = "1:cb5b2a45a3dd41c01ff779c54ae4c8aab0271d6d3b3f734c8a8bd2c890299ef2"
  name = "gopkg.in/fsnotify.v1"
  packages = ["."]
  pruneopts = ""
  revision = "836bfd95fecc0f1511dd66bdbf2b5b61ab8b00b6"
  version = "v1.2.11"

[solve-meta]
  analyzer-name = "dep"
  analyzer-version = 1
  input-imports = ["gopkg.in/fsnotify.v1"]
  solver-name = "gps-cdcl"
  solver-version = 1
