# This file is autogenerated, do not edit; changes may be undone by the next 'dep ensure'.


[[projects]]
  name = "golang.org/x/text"
  packages = [
    ".",
    "collate",
    "collate/build",
    "internal/colltab",
    "internal/gen",
    "internal/tag",
    "internal/triegen",
    "internal/ucd",
    "language",
    "transform",
    "unicode/cldr",
    "unicode/norm"
  ]
  revision = "v0.2.0"

[solve-meta]
  analyzer-name = "dep"
  analyzer-version = 1
  inputs-digest = "2405704ac7a0b793021a0a72d2ff705b4a2c503b07b1e50382eecf14e46f2012"
  solver-name = "gps-cdcl"
  solver-version = 1
