# This file is automatically @generated by Poetry 2.1.1 and should not be changed by hand.

[[package]]
name = "blinker"
version = "1.9.0"
description = "Fast, simple object-to-object and broadcast signaling"
optional = false
python-versions = ">=3.9"
groups = ["main"]
files = [
    {file = "blinker-1.9.0-py3-none-any.whl", hash = "sha256:ba0efaa9080b619ff2f3459d1d500c57bddea4a6b424b60a91141db6fd2f08bc"},
    {file = "blinker-1.9.0.tar.gz", hash = "sha256:b4ce2265a7abece45e7cc896e98dbebe6cbe2587c0000cd218fa57ea9c5ce2e6"},
]

[[package]]
name = "certifi"
version = "2026.2.25"
description = "Python package for providing Mozilla's CA Bundle."
optional = false
python-versions = ">=3.6"
groups = ["main"]
files = [
    {file = "certifi-2026.2.25-py3-none-any.whl", hash = "sha256:fake1"},
    {file = "certifi-2026.2.25.tar.gz", hash = "sha256:fake2"},
]

[[package]]
name = "charset-normalizer"
version = "3.4.4"
description = "The Real First Universal Charset Detector."
optional = false
python-versions = ">=3.7"
groups = ["main"]
files = [
    {file = "charset_normalizer-3.4.4-py3-none-any.whl", hash = "sha256:fake3"},
    {file = "charset_normalizer-3.4.4.tar.gz", hash = "sha256:fake4"},
]

[[package]]
name = "click"
version = "8.3.1"
description = "Composable command line interface toolkit"
optional = false
python-versions = ">=3.7"
groups = ["main"]
files = [
    {file = "click-8.3.1-py3-none-any.whl", hash = "sha256:fake5"},
    {file = "click-8.3.1.tar.gz", hash = "sha256:fake6"},
]

[package.dependencies]
colorama = {version = "*", markers = "platform_system == \"Windows\""}

[[package]]
name = "flask"
version = "3.1.3"
description = "A simple framework for building complex web applications."
optional = false
python-versions = ">=3.9"
groups = ["main"]
files = [
    {file = "flask-3.1.3-py3-none-any.whl", hash = "sha256:fake7"},
    {file = "flask-3.1.3.tar.gz", hash = "sha256:fake8"},
]

[package.dependencies]
blinker = ">=1.9"
click = ">=8.1.3"
itsdangerous = ">=2.2"
Jinja2 = ">=3.1.2"
MarkupSafe = ">=2.1.1"
Werkzeug = ">=3.1"

[package.extras]
async = ["asgiref (>=3.2)"]
dotenv = ["python-dotenv"]

[[package]]
name = "idna"
version = "3.11"
description = "Internationalized Domain Names in Applications (IDNA)"
optional = false
python-versions = ">=3.6"
groups = ["main"]
files = [
    {file = "idna-3.11-py3-none-any.whl", hash = "sha256:fake9"},
    {file = "idna-3.11.tar.gz", hash = "sha256:fake10"},
]

[[package]]
name = "itsdangerous"
version = "2.2.0"
description = "Safely pass data to untrusted environments and back."
optional = false
python-versions = ">=3.8"
groups = ["main"]
files = [
    {file = "itsdangerous-2.2.0-py3-none-any.whl", hash = "sha256:fake11"},
    {file = "itsdangerous-2.2.0.tar.gz", hash = "sha256:fake12"},
]

[[package]]
name = "jinja2"
version = "3.1.6"
description = "A small but fast and easy to use stand-alone template engine written in pure python."
optional = false
python-versions = ">=3.7"
groups = ["main"]
files = [
    {file = "jinja2-3.1.6-py3-none-any.whl", hash = "sha256:fake13"},
    {file = "jinja2-3.1.6.tar.gz", hash = "sha256:fake14"},
]

[package.dependencies]
MarkupSafe = ">=2.0"

[[package]]
name = "markupsafe"
version = "3.0.3"
description = "Safely add untrusted strings to HTML/XML markup."
optional = false
python-versions = ">=3.9"
groups = ["main"]
files = [
    {file = "markupsafe-3.0.3-py3-none-any.whl", hash = "sha256:fake15"},
    {file = "markupsafe-3.0.3.tar.gz", hash = "sha256:fake16"},
]

[[package]]
name = "requests"
version = "2.32.5"
description = "Python HTTP for Humans."
optional = false
python-versions = ">=3.8"
groups = ["main"]
files = [
    {file = "requests-2.32.5-py3-none-any.whl", hash = "sha256:fake17"},
    {file = "requests-2.32.5.tar.gz", hash = "sha256:fake18"},
]

[package.dependencies]
certifi = ">=2017.4.17"
charset-normalizer = ">=2,<4"
idna = ">=2.5,<4"
urllib3 = ">=1.21.1,<3"

[[package]]
name = "ruff"
version = "0.15.4"
description = "An extremely fast Python linter and code formatter, written in Rust."
optional = false
python-versions = ">=3.7"
groups = ["dev"]
files = [
    {file = "ruff-0.15.4-py3-none-any.whl", hash = "sha256:fake19"},
    {file = "ruff-0.15.4.tar.gz", hash = "sha256:fake20"},
]

[[package]]
name = "urllib3"
version = "2.6.3"
description = "HTTP library with thread-safe connection pooling, file post, and more."
optional = false
python-versions = ">=3.8"
groups = ["main"]
files = [
    {file = "urllib3-2.6.3-py3-none-any.whl", hash = "sha256:fake21"},
    {file = "urllib3-2.6.3.tar.gz", hash = "sha256:fake22"},
]

[[package]]
name = "werkzeug"
version = "3.1.6"
description = "The comprehensive WSGI web application library."
optional = false
python-versions = ">=3.9"
groups = ["main"]
files = [
    {file = "werkzeug-3.1.6-py3-none-any.whl", hash = "sha256:fake23"},
    {file = "werkzeug-3.1.6.tar.gz", hash = "sha256:fake24"},
]

[package.dependencies]
MarkupSafe = ">=2.1.1"

[metadata]
lock-version = "2.1"
python-versions = "^3.10"
content-hash = "fakehash123"
