{
  "name": "aliased-subdependency",
  "version": "1.0.0",
  "lockfileVersion": 3,
  "requires": true,
  "packages": {
    "": {
      "name": "aliased-subdependency",
      "version": "1.0.0",
      "dependencies": {
        "is-number": "5.0.0",
        "number-alias": "npm:is-number@>=6.0.0 <8.0.0",
        "pinned-number": "npm:is-number@5.0.0"
      }
    },
    "node_modules/is-number": {
      "version": "5.0.0",
      "resolved": "https://registry.npmjs.org/is-number/-/is-number-5.0.0.tgz"
    },
    "node_modules/pinned-number": {
      "name": "is-number",
      "version": "5.0.0",
      "resolved": "https://registry.npmjs.org/is-number/-/is-number-5.0.0.tgz"
    },
    "node_modules/number-alias": {
      "name": "is-number",
      "version": "6.0.0",
      "resolved": "https://registry.npmjs.org/is-number/-/is-number-6.0.0.tgz",
      "engines": {
        "node": ">=0.10.0"
      }
    }
  }
}
