
Microsoft Visual Studio Solution File, Format Version 12.00
# Visual Studio 15
VisualStudioVersion = 15.0.26228.4
MinimumVisualStudioVersion = 10.0.40219.1
Project("{9A19103F-16F7-4668-BE54-9A1E7A4F7556}") = "TheLibrary", "TheLibrary.csproj", "{901C40BF-6ABA-4992-B5B1-04309210C847}"
EndProject
Project("{9A19103F-16F7-4668-BE54-9A1E7A4F7556}") = "TheTests", "..\test\TheTests.csproj", "{4D952C95-629B-4957-B76B-9AD2DE7D0492}"
EndProject
Global
	GlobalSection(SolutionConfigurationPlatforms) = preSolution
		Debug|Any CPU = Debug|Any CPU
		Release|Any CPU = Release|Any CPU
	EndGlobalSection
	GlobalSection(ProjectConfigurationPlatforms) = postSolution
		{901C40BF-6ABA-4992-B5B1-04309210C847}.Debug|Any CPU.ActiveCfg = Debug|Any CPU
		{901C40BF-6ABA-4992-B5B1-04309210C847}.Debug|Any CPU.Build.0 = Debug|Any CPU
		{901C40BF-6ABA-4992-B5B1-04309210C847}.Release|Any CPU.ActiveCfg = Release|Any CPU
		{901C40BF-6ABA-4992-B5B1-04309210C847}.Release|Any CPU.Build.0 = Release|Any CPU
		{4D952C95-629B-4957-B76B-9AD2DE7D0492}.Debug|Any CPU.ActiveCfg = Debug|Any CPU
		{4D952C95-629B-4957-B76B-9AD2DE7D0492}.Debug|Any CPU.Build.0 = Debug|Any CPU
		{4D952C95-629B-4957-B76B-9AD2DE7D0492}.Release|Any CPU.ActiveCfg = Release|Any CPU
		{4D952C95-629B-4957-B76B-9AD2DE7D0492}.Release|Any CPU.Build.0 = Release|Any CPU
	EndGlobalSection
	GlobalSection(SolutionProperties) = preSolution
		HideSolutionNode = FALSE
	EndGlobalSection
EndGlobal
