{
    "_meta": {
        "hash": {
            "sha256": "08e3181df84d04301c9d435357ec9cf43c4a491d79a1ada682cce8936c492f49"
        },
        "requires": {},
        "sources": [
            {
                "url": "https://pypi.python.org/simple",
                "verify_ssl": true
            }
        ]
    },
    "default": {
        "certifi": {
            "version": "==2017.4.17"
        },
        "chardet": {
            "version": "==3.0.4"
        },
        "idna": {
            "version": "==2.5"
        },
        "requests": {
            "version": "==2.18.0"
        },
        "urllib3": {
            "version": "==1.21.1"
        }
    },
    "develop": {
        "py": {
            "version": "==1.4.34"
        },
        "pytest": {
            "version": "==3.1.3"
        },
        "setuptools": {
            "version": "==36.0.1"
        }
    }
}
