# THIS IS AN AUTOGENERATED FILE. DO NOT EDIT THIS FILE DIRECTLY.
# yarn lockfile v1


"@dependabot/etag@^1.0.0":
  version "1.8.0"
  resolved "https://registry.dependabot.com/~/d/dependabot%2Fetag/dependabot%2Fetag-1.8.0.tgz#6f631aef336d6c46362b51764044ce216be3c051"

chalk@^2.0.0:
  version "2.3.0"
  resolved "http://registry.npm.taobao.org/chalk/download/chalk-2.3.0.tgz#b5ea48efc9c1793dccc9b4767c93914d3f2d52ba"
  dependencies:
    ansi-styles "^3.1.0"
    escape-string-regexp "^1.0.5"
    supports-color "^4.0.0"

"@dependabot/pack-core@^2.0.1", "@dependabot/pack-core@^2.0.2":
  version "2.0.14"
  resolved "https://artifactory01.mydomain.com/artifactory/api/npm/my-repo/dependabot/pack-core/-/pack-core-2.0.14.tgz#1f706dee727679b4aad32ce4433dfe5fe41d96b6"
  dependencies:
    "@dependabot/etag" "^2.0.0"

"@dependabot/pack-core-2@^2.0.1", "@dependabot/pack-core-2@^2.0.2":
  version "2.0.14"
  resolved "https://dl.bintray.com//dependabot/npm-private/dependabot/pack-core-2/-/dependabot/pack-core-2.0.14.tgz#6ac9c6bb19010ba93efcb0241b3c70d7bf794a7a"
  dependencies:
    "@dependabot/etag" "^2.0.0"

"@dependabot/pack-core-3@^2.0.1", "@dependabot/pack-core-3@^2.0.2":
  version "2.0.14"
  resolved "https://npm.pkg.github.com/download/dependabot/pack-core-3/2.0.14/55a2db17e0946313e6d150d2d63d5e9539458e4fcaf3fe928c320a7dd1b7f90b"
  dependencies:
    "@dependabot/etag" "^2.0.0"

"@dependabot/pack-core-4@^2.0.1", "@dependabot/pack-core-4@^2.0.2":
  version "2.0.14"
  resolved "https://gitlab.mydomain.com/api/v4/projects/229/packages/npm/dependabot/pack-core-4/-/@dependabot/pack-core-4-2.0.14.tgz"
  dependencies:
    "@dependabot/etag" "^2.0.0"
