{
  "name": "test-workspace",
  "lockfileVersion": 3,
  "requires": true,
  "packages": {
    "": {
      "name": "test-workspace",
      "workspaces": [
        "packages/app"
      ]
    },
    "node_modules/app": {
      "resolved": "packages/app",
      "link": true
    },
    "node_modules/etag": {
      "version": "1.8.1",
      "resolved": "https://registry.npmjs.org/etag/-/etag-1.8.1.tgz",
      "integrity": "sha512-aIL5Fx7mawVa300al2BnEE4iNvo1qETxLrPI/o05L7z6go7fCw1J6EQmbK4FmJ2AS7kgVF/KEZWufBfdClMcPg==",
      "engines": {
        "node": ">= 0.6"
      }
    },
    "node_modules/test-dep": {
      "version": "2.0.0",
      "resolved": "https://registry.npmjs.org/test-dep/-/test-dep-2.0.0.tgz",
      "integrity": "sha512-test123",
      "peerDependencies": {
        "nested-peer": "^1.0.0"
      },
      "peerDependenciesMeta": {
        "nested-peer": {
          "optional": true
        }
      }
    },
    "node_modules/nested-peer": {
      "version": "2.0.0",
      "resolved": "https://registry.npmjs.org/nested-peer/-/nested-peer-2.0.0.tgz",
      "integrity": "sha512-test456"
    },
    "node_modules/test-dep/node_modules/nested-peer": {
      "version": "1.5.0",
      "resolved": "https://registry.npmjs.org/nested-peer/-/nested-peer-1.5.0.tgz",
      "integrity": "sha512-test789",
      "optional": true,
      "peer": true
    },
    "packages/app": {
      "name": "app",
      "version": "1.0.0",
      "dependencies": {
        "etag": "1.8.1"
      }
    }
  }
}
