# This file is generated by running "yarn install" inside your project.
# Manual changes might be lost - proceed with caution!

__metadata:
  version: 6
  cacheKey: 8

"asap@npm:~2.0.3":
  version: 2.0.6
  resolution: "asap@npm:2.0.6"
  checksum: b296c92c4b969e973260e47523207cd5769abd27c245a68c26dc7a0fe8053c55bb04360237cb51cab1df52be939da77150ace99ad331fb7fb13b3423ed73ff3d
  languageName: node
  linkType: hard

"core-js@npm:^1.0.0":
  version: 1.2.7
  resolution: "core-js@npm:1.2.7"
  checksum: 0b76371bfa98708351cde580f9287e2360d2209920e738ae950ae74ad08639a2e063541020bf666c28778956fc356ed9fe56d962129c88a87a6a4a0612526c75
  languageName: node
  linkType: hard

"encoding@npm:^0.1.11":
  version: 0.1.12
  resolution: "encoding@npm:0.1.12"
  dependencies:
    iconv-lite: ~0.4.13
  checksum: 96df688a93821e866bea19dd689863b1f9e07ef1c15321dde1fbcb8008ed7c785c48b248c4def01367780d2637c459b8ffa988de9647afe4200b003b1ac369ef
  languageName: node
  linkType: hard

"fbjs@npm:^0.8.1":
  version: 0.8.17
  resolution: "fbjs@npm:0.8.17"
  dependencies:
    core-js: ^1.0.0
    isomorphic-fetch: ^2.1.1
    loose-envify: ^1.0.0
    object-assign: ^4.1.0
    promise: ^7.1.1
    setimmediate: ^1.0.5
    ua-parser-js: ^0.7.18
  checksum: e969aeb175ccf97d8818aab9907a78f253568e0cc1b8762621c5d235bf031419d7e700f16f7711e89dfd1e0fce2b87a05f8a2800f18df0a96258f0780615fd8b
  languageName: node
  linkType: hard

"iconv-lite@npm:~0.4.13":
  version: 0.4.24
  resolution: "iconv-lite@npm:0.4.24"
  dependencies:
    safer-buffer: ">= 2.1.2 < 3"
  checksum: bd9f120f5a5b306f0bc0b9ae1edeb1577161503f5f8252a20f1a9e56ef8775c9959fd01c55f2d3a39d9a8abaf3e30c1abeb1895f367dcbbe0a8fd1c9ca01c4f6
  languageName: node
  linkType: hard

"is-stream@npm:^1.0.1":
  version: 1.1.0
  resolution: "is-stream@npm:1.1.0"
  checksum: 063c6bec9d5647aa6d42108d4c59723d2bd4ae42135a2d4db6eadbd49b7ea05b750fd69d279e5c7c45cf9da753ad2c00d8978be354d65aa9f6bb434969c6a2ae
  languageName: node
  linkType: hard

"isomorphic-fetch@npm:^2.1.1":
  version: 2.2.1
  resolution: "isomorphic-fetch@npm:2.2.1"
  dependencies:
    node-fetch: ^1.0.1
    whatwg-fetch: ">=0.10.0"
  checksum: bb5daa7c3785d6742f4379a81e55b549a469503f7c9bf9411b48592e86632cf5e8fe8ea878dba185c0f33eb7c510c23abdeb55aebfdf5d3c70f031ced68c5424
  languageName: node
  linkType: hard

"js-tokens@npm:^3.0.0 || ^4.0.0":
  version: 4.0.0
  resolution: "js-tokens@npm:4.0.0"
  checksum: 8a95213a5a77deb6cbe94d86340e8d9ace2b93bc367790b260101d2f36a2eaf4e4e22d9fa9cf459b38af3a32fb4190e638024cf82ec95ef708680e405ea7cc78
  languageName: node
  linkType: hard

"loose-envify@npm:^1.0.0, loose-envify@npm:^1.1.0":
  version: 1.4.0
  resolution: "loose-envify@npm:1.4.0"
  dependencies:
    js-tokens: ^3.0.0 || ^4.0.0
  bin:
    loose-envify: cli.js
  checksum: 6517e24e0cad87ec9888f500c5b5947032cdfe6ef65e1c1936a0c48a524b81e65542c9c3edc91c97d5bddc806ee2a985dbc79be89215d613b1de5db6d1cfe6f4
  languageName: node
  linkType: hard

"node-fetch@npm:^1.0.1":
  version: 1.7.3
  resolution: "node-fetch@npm:1.7.3"
  dependencies:
    encoding: ^0.1.11
    is-stream: ^1.0.1
  checksum: 3bb0528c05d541316ebe52770d71ee25a6dce334df4231fd55df41a644143e07f068637488c18a5b0c43f05041dbd3346752f9e19b50df50569a802484544d5b
  languageName: node
  linkType: hard

"object-assign@npm:^4.1.0":
  version: 4.1.1
  resolution: "object-assign@npm:4.1.1"
  checksum: fcc6e4ea8c7fe48abfbb552578b1c53e0d194086e2e6bbbf59e0a536381a292f39943c6e9628af05b5528aa5e3318bb30d6b2e53cadaf5b8fe9e12c4b69af23f
  languageName: node
  linkType: hard

"promise@npm:^7.1.1":
  version: 7.3.1
  resolution: "promise@npm:7.3.1"
  dependencies:
    asap: ~2.0.3
  checksum: 475bb069130179fbd27ed2ab45f26d8862376a137a57314cf53310bdd85cc986a826fd585829be97ebc0aaf10e9d8e68be1bfe5a4a0364144b1f9eedfa940cf1
  languageName: node
  linkType: hard

"react-dom@npm:^15.2.0":
  version: 15.2.0
  resolution: "react-dom@npm:15.2.0"
  peerDependencies:
    react: ^15.2.0
  checksum: 42148f05fa29e101451e1109ada8716aceb593c1112233cc3e7014f0bd7783ff1ba998e6f6458df7aca49a4e1019e4cba5414ca4cbf0460e5e75d7d417edcad9
  languageName: node
  linkType: hard

"react@npm:^15.2.0":
  version: 15.2.0
  resolution: "react@npm:15.2.0"
  dependencies:
    fbjs: ^0.8.1
    loose-envify: ^1.1.0
    object-assign: ^4.1.0
  checksum: eb1be1f0b35e9fd45df4cb84967532e205a3ebf2f7aedc4295ab0fe43b0b909ce8a2a0a02978db5a949c1da26c63dc0090839be8badfd7b028cb33db1cffd4cc
  languageName: node
  linkType: hard

"safer-buffer@npm:>= 2.1.2 < 3":
  version: 2.1.2
  resolution: "safer-buffer@npm:2.1.2"
  checksum: cab8f25ae6f1434abee8d80023d7e72b598cf1327164ddab31003c51215526801e40b66c5e65d658a0af1e9d6478cadcb4c745f4bd6751f97d8644786c0978b0
  languageName: node
  linkType: hard

"setimmediate@npm:^1.0.5":
  version: 1.0.5
  resolution: "setimmediate@npm:1.0.5"
  checksum: c9a6f2c5b51a2dabdc0247db9c46460152ffc62ee139f3157440bd48e7c59425093f42719ac1d7931f054f153e2d26cf37dfeb8da17a794a58198a2705e527fd
  languageName: node
  linkType: hard

"test@workspace:.":
  version: 0.0.0-use.local
  resolution: "test@workspace:."
  dependencies:
    react: ^15.2.0
    react-dom: ^15.2.0
  languageName: unknown
  linkType: soft

"ua-parser-js@npm:^0.7.18":
  version: 0.7.19
  resolution: "ua-parser-js@npm:0.7.19"
  checksum: 6122d39209c5533d318997752a65b0f571427639dda61f06db257c93378a454a7e120c1d4b417a28ed1a191bbe984931cf948a1da3132d5e07cffc76fac228d0
  languageName: node
  linkType: hard

"whatwg-fetch@npm:>=0.10.0":
  version: 3.0.0
  resolution: "whatwg-fetch@npm:3.0.0"
  checksum: dcb90ab919e742d275c32d397d7480f6981da4c1b49961f0d0a2fa6825325b553fee2d793bc38ed85b9bcc8c50de39802440e2480fe40243067b3dab228c52c3
  languageName: node
  linkType: hard
